
Microsoft Visual Studio Solution File, Format Version 12.00
# Visual Studio 15
VisualStudioVersion = 15.0.27703.2035
MinimumVisualStudioVersion = 10.0.40219.1
Project("{FAE04EC0-301F-11D3-BF4B-00C04F79EFBC}") = "DominatorHouseCore", "DominatorHouseCore\DominatorHouseCore.csproj", "{F40A5C83-8EDA-43C5-88B9-DFAAB492A497}"
EndProject
Project("{FAE04EC0-301F-11D3-BF4B-00C04F79EFBC}") = "DominatorUIUtility", "DominatorUIUtility\DominatorUIUtility.csproj", "{E8D95AF0-E99B-4059-9140-5C02B3F52E06}"
EndProject
Project("{2150E333-8FDC-42A3-9474-1A3956D46DE8}") = "Tests", "Tests", "{AF52F482-AE4C-41EE-9C42-7637D6ABC3C9}"
EndProject
Project("{FAE04EC0-301F-11D3-BF4B-00C04F79EFBC}") = "DominatorHouseCore.UnitTests", "Tests\DominatorHouseCore.UnitTests\DominatorHouseCore.UnitTests.csproj", "{AE5B9281-E0E6-40FC-8E3D-1DB2BCF37722}"
EndProject
Project("{FAE04EC0-301F-11D3-BF4B-00C04F79EFBC}") = "DominatorHouseCore.IntegrationTests", "Tests\DominatorHouseCore.IntegrationTests\DominatorHouseCore.IntegrationTests.csproj", "{64F2FD12-13C6-46FB-A2B9-1D28FB07CC21}"
EndProject
Project("{FAE04EC0-301F-11D3-BF4B-00C04F79EFBC}") = "EmbeddedBrowser", "EmbeddedBrowser\EmbeddedBrowser.csproj", "{21F00635-AAF7-466B-9214-A830EA9C8963}"
EndProject
Project("{FAE04EC0-301F-11D3-BF4B-00C04F79EFBC}") = "TwtDominatorCore", "..\twtdominator-library\TwtDominatorCore\TwtDominatorCore.csproj", "{E41BF7D2-231F-4D58-AD45-95F7146E1979}"
EndProject
Project("{FAE04EC0-301F-11D3-BF4B-00C04F79EFBC}") = "TwtDominatorCore.UnitTests", "..\twtdominator-library\Tests\TwtDominatorCore.UnitTests\TwtDominatorCore.UnitTests.csproj", "{0EA74034-2086-441A-B971-F52EFD23F5F8}"
EndProject
Project("{FAE04EC0-301F-11D3-BF4B-00C04F79EFBC}") = "Dominator.Tests.Utils", "Tests\Dominator.Tests.Utils\Dominator.Tests.Utils.csproj", "{3DEBDD7B-B004-4ADB-BDF8-58D6D65B8E57}"
EndProject
Project("{FAE04EC0-301F-11D3-BF4B-00C04F79EFBC}") = "RedditDominatorCore", "..\reddit-dominator-library\RedditDominatorCore\RedditDominatorCore.csproj", "{6D1BC42E-FFEA-4F4A-9375-328D0DE7269D}"
EndProject
Project("{FAE04EC0-301F-11D3-BF4B-00C04F79EFBC}") = "RedditDominatorCore.UnitTests", "..\reddit-dominator-library\RedditDominatorCore.UnitTests\RedditDominatorCore.UnitTests.csproj", "{BCF71ABB-FB1E-4D33-A488-5DDBA68DFA60}"
EndProject
Project("{FAE04EC0-301F-11D3-BF4B-00C04F79EFBC}") = "QuoraDominatorCore", "..\quoradominator-library\QuoraDominatorCore\QuoraDominatorCore.csproj", "{21B1D90E-F201-4EF0-B4E9-A99315945F1D}"
EndProject
Project("{FAE04EC0-301F-11D3-BF4B-00C04F79EFBC}") = "QuoraDominatorCore.UnitTests", "..\quoradominator-library\QuoraDominatorCore.UnitTests\QuoraDominatorCore.UnitTests.csproj", "{57D13829-2736-45FC-B2F0-BFC8C44B28BA}"
EndProject
Project("{FAE04EC0-301F-11D3-BF4B-00C04F79EFBC}") = "FaceDominatorCore.UnitTests", "..\facedominator-library\FaceDominatorCore.UnitTests\FaceDominatorCore.UnitTests.csproj", "{723CF4EC-43A6-4FD4-A3BE-445685E32D09}"
EndProject
Project("{FAE04EC0-301F-11D3-BF4B-00C04F79EFBC}") = "GplusDominatorCore.UnitTests", "..\gplusdominator-library\GplusDominatorCore.UnitTests\GplusDominatorCore.UnitTests.csproj", "{36042B7B-7228-43F7-B59F-1613176A1F81}"
EndProject
Project("{FAE04EC0-301F-11D3-BF4B-00C04F79EFBC}") = "GramDominatorCore.UnitTests", "..\gramdominator-library\GramDominatorCore.UnitTests\GramDominatorCore.UnitTests.csproj", "{58B455F8-B8D4-41A5-90B4-A7D167ABC08C}"
EndProject
Project("{FAE04EC0-301F-11D3-BF4B-00C04F79EFBC}") = "LinkedDominatorCore.UnitTests", "..\linkeddominator-library\LinkedDominatorCore.UnitTests\LinkedDominatorCore.UnitTests.csproj", "{CBB97B17-2F67-417E-9EFA-95751A785BA2}"
EndProject
Project("{FAE04EC0-301F-11D3-BF4B-00C04F79EFBC}") = "PinDominatorCore.UnitTests", "..\pindominator-library\PinDominatorCore.UnitTests\PinDominatorCore.UnitTests.csproj", "{9A02CA78-3A5D-42F4-8B1E-1B7A10D47F66}"
EndProject
Project("{FAE04EC0-301F-11D3-BF4B-00C04F79EFBC}") = "TumblrDominatorCore.UnitTests", "..\tumblrdominator-library\TumblrDominatorCore.UnitTests\TumblrDominatorCore.UnitTests.csproj", "{33E27CC8-7FE6-4936-B57F-57298532F175}"
EndProject
Project("{FAE04EC0-301F-11D3-BF4B-00C04F79EFBC}") = "TumblrDominatorCore", "..\tumblrdominator-library\TumblrDominatorCore\TumblrDominatorCore.csproj", "{5898E952-8C43-40B7-9527-EB814650D50F}"
EndProject
Project("{FAE04EC0-301F-11D3-BF4B-00C04F79EFBC}") = "FaceDominatorCore", "..\facedominator-library\FaceDominatorCore\FaceDominatorCore.csproj", "{36F8A922-028E-49DD-BBD6-D7DAAB339491}"
EndProject
Project("{FAE04EC0-301F-11D3-BF4B-00C04F79EFBC}") = "GplusDominatorCore", "..\gplusdominator-library\GplusDominatorCore\GplusDominatorCore.csproj", "{EAFFB84C-F492-4EE5-AA11-C285AAF4E154}"
EndProject
Project("{FAE04EC0-301F-11D3-BF4B-00C04F79EFBC}") = "GramDominatorCore", "..\gramdominator-library\GramDominatorCore\GramDominatorCore.csproj", "{B04813EA-A4B5-40AE-B705-743687F74770}"
EndProject
Project("{FAE04EC0-301F-11D3-BF4B-00C04F79EFBC}") = "LinkedDominatorCore", "..\linkeddominator-library\LinkedDominatorCore\LinkedDominatorCore.csproj", "{9DF3CAC5-0C31-49F0-A71E-27B9CEFC6553}"
EndProject
Project("{FAE04EC0-301F-11D3-BF4B-00C04F79EFBC}") = "PinDominatorCore", "..\pindominator-library\PinDominatorCore\PinDominatorCore.csproj", "{68EF34BF-36C9-4E33-9ACD-7B9D7B746F29}"
EndProject
Project("{FAE04EC0-301F-11D3-BF4B-00C04F79EFBC}") = "YoutubeDominatorCore.UnitTests", "..\youtubedominator-library\YoutubeDominatorCore.UnitTests\YoutubeDominatorCore.UnitTests.csproj", "{61A5E2CE-2404-4D16-A5BD-CD839DA38314}"
EndProject
Project("{FAE04EC0-301F-11D3-BF4B-00C04F79EFBC}") = "YoutubeDominatorCore", "..\youtubedominator-library\YoutubeDominatorCore\YoutubeDominatorCore.csproj", "{9C42C9B5-331E-4EC5-B47F-AE9DA1C89AD6}"
EndProject
Project("{930C7802-8A8C-48F9-8165-68863BCCD9DD}") = "Socinator.Deployment", "Deployment\Socinator.Deployment\Socinator.Deployment.wixproj", "{329C90F0-DB16-4D2A-A848-8AF27FD4F1AC}"
EndProject
Project("{2150E333-8FDC-42A3-9474-1A3956D46DE8}") = "Deployment", "Deployment", "{780C5D98-B099-4BDB-BDB4-9B417EC8F731}"
EndProject
Global
	GlobalSection(SolutionConfigurationPlatforms) = preSolution
		Debug|Any CPU = Debug|Any CPU
		Debug|x64 = Debug|x64
		Debug|x86 = Debug|x86
		Debug-fast-test|Any CPU = Debug-fast-test|Any CPU
		Debug-fast-test|x64 = Debug-fast-test|x64
		Debug-fast-test|x86 = Debug-fast-test|x86
		Release|Any CPU = Release|Any CPU
		Release|x64 = Release|x64
		Release|x86 = Release|x86
	EndGlobalSection
	GlobalSection(ProjectConfigurationPlatforms) = postSolution
		{F40A5C83-8EDA-43C5-88B9-DFAAB492A497}.Debug|Any CPU.ActiveCfg = Debug|Any CPU
		{F40A5C83-8EDA-43C5-88B9-DFAAB492A497}.Debug|Any CPU.Build.0 = Debug|Any CPU
		{F40A5C83-8EDA-43C5-88B9-DFAAB492A497}.Debug|x64.ActiveCfg = Debug|Any CPU
		{F40A5C83-8EDA-43C5-88B9-DFAAB492A497}.Debug|x64.Build.0 = Debug|Any CPU
		{F40A5C83-8EDA-43C5-88B9-DFAAB492A497}.Debug|x86.ActiveCfg = Debug|x86
		{F40A5C83-8EDA-43C5-88B9-DFAAB492A497}.Debug|x86.Build.0 = Debug|x86
		{F40A5C83-8EDA-43C5-88B9-DFAAB492A497}.Debug-fast-test|Any CPU.ActiveCfg = Debug-fast-test|Any CPU
		{F40A5C83-8EDA-43C5-88B9-DFAAB492A497}.Debug-fast-test|Any CPU.Build.0 = Debug-fast-test|Any CPU
		{F40A5C83-8EDA-43C5-88B9-DFAAB492A497}.Debug-fast-test|x64.ActiveCfg = Debug-fast-test|Any CPU
		{F40A5C83-8EDA-43C5-88B9-DFAAB492A497}.Debug-fast-test|x64.Build.0 = Debug-fast-test|Any CPU
		{F40A5C83-8EDA-43C5-88B9-DFAAB492A497}.Debug-fast-test|x86.ActiveCfg = Debug-fast-test|x86
		{F40A5C83-8EDA-43C5-88B9-DFAAB492A497}.Debug-fast-test|x86.Build.0 = Debug-fast-test|x86
		{F40A5C83-8EDA-43C5-88B9-DFAAB492A497}.Release|Any CPU.ActiveCfg = Release|Any CPU
		{F40A5C83-8EDA-43C5-88B9-DFAAB492A497}.Release|Any CPU.Build.0 = Release|Any CPU
		{F40A5C83-8EDA-43C5-88B9-DFAAB492A497}.Release|x64.ActiveCfg = Release|Any CPU
		{F40A5C83-8EDA-43C5-88B9-DFAAB492A497}.Release|x64.Build.0 = Release|Any CPU
		{F40A5C83-8EDA-43C5-88B9-DFAAB492A497}.Release|x86.ActiveCfg = Release|x86
		{F40A5C83-8EDA-43C5-88B9-DFAAB492A497}.Release|x86.Build.0 = Release|x86
		{E8D95AF0-E99B-4059-9140-5C02B3F52E06}.Debug|Any CPU.ActiveCfg = Debug|Any CPU
		{E8D95AF0-E99B-4059-9140-5C02B3F52E06}.Debug|Any CPU.Build.0 = Debug|Any CPU
		{E8D95AF0-E99B-4059-9140-5C02B3F52E06}.Debug|x64.ActiveCfg = Debug|Any CPU
		{E8D95AF0-E99B-4059-9140-5C02B3F52E06}.Debug|x64.Build.0 = Debug|Any CPU
		{E8D95AF0-E99B-4059-9140-5C02B3F52E06}.Debug|x86.ActiveCfg = Debug|x86
		{E8D95AF0-E99B-4059-9140-5C02B3F52E06}.Debug|x86.Build.0 = Debug|x86
		{E8D95AF0-E99B-4059-9140-5C02B3F52E06}.Debug-fast-test|Any CPU.ActiveCfg = Debug-fast-test|Any CPU
		{E8D95AF0-E99B-4059-9140-5C02B3F52E06}.Debug-fast-test|Any CPU.Build.0 = Debug-fast-test|Any CPU
		{E8D95AF0-E99B-4059-9140-5C02B3F52E06}.Debug-fast-test|x64.ActiveCfg = Debug-fast-test|Any CPU
		{E8D95AF0-E99B-4059-9140-5C02B3F52E06}.Debug-fast-test|x64.Build.0 = Debug-fast-test|Any CPU
		{E8D95AF0-E99B-4059-9140-5C02B3F52E06}.Debug-fast-test|x86.ActiveCfg = Debug-fast-test|x86
		{E8D95AF0-E99B-4059-9140-5C02B3F52E06}.Debug-fast-test|x86.Build.0 = Debug-fast-test|x86
		{E8D95AF0-E99B-4059-9140-5C02B3F52E06}.Release|Any CPU.ActiveCfg = Release|Any CPU
		{E8D95AF0-E99B-4059-9140-5C02B3F52E06}.Release|Any CPU.Build.0 = Release|Any CPU
		{E8D95AF0-E99B-4059-9140-5C02B3F52E06}.Release|x64.ActiveCfg = Release|Any CPU
		{E8D95AF0-E99B-4059-9140-5C02B3F52E06}.Release|x64.Build.0 = Release|Any CPU
		{E8D95AF0-E99B-4059-9140-5C02B3F52E06}.Release|x86.ActiveCfg = Release|x86
		{E8D95AF0-E99B-4059-9140-5C02B3F52E06}.Release|x86.Build.0 = Release|x86
		{AE5B9281-E0E6-40FC-8E3D-1DB2BCF37722}.Debug|Any CPU.ActiveCfg = Debug|Any CPU
		{AE5B9281-E0E6-40FC-8E3D-1DB2BCF37722}.Debug|Any CPU.Build.0 = Debug|Any CPU
		{AE5B9281-E0E6-40FC-8E3D-1DB2BCF37722}.Debug|x64.ActiveCfg = Debug|Any CPU
		{AE5B9281-E0E6-40FC-8E3D-1DB2BCF37722}.Debug|x64.Build.0 = Debug|Any CPU
		{AE5B9281-E0E6-40FC-8E3D-1DB2BCF37722}.Debug|x86.ActiveCfg = Debug|Any CPU
		{AE5B9281-E0E6-40FC-8E3D-1DB2BCF37722}.Debug|x86.Build.0 = Debug|Any CPU
		{AE5B9281-E0E6-40FC-8E3D-1DB2BCF37722}.Debug-fast-test|Any CPU.ActiveCfg = Debug|Any CPU
		{AE5B9281-E0E6-40FC-8E3D-1DB2BCF37722}.Debug-fast-test|Any CPU.Build.0 = Debug|Any CPU
		{AE5B9281-E0E6-40FC-8E3D-1DB2BCF37722}.Debug-fast-test|x64.ActiveCfg = Debug|Any CPU
		{AE5B9281-E0E6-40FC-8E3D-1DB2BCF37722}.Debug-fast-test|x64.Build.0 = Debug|Any CPU
		{AE5B9281-E0E6-40FC-8E3D-1DB2BCF37722}.Debug-fast-test|x86.ActiveCfg = Debug|Any CPU
		{AE5B9281-E0E6-40FC-8E3D-1DB2BCF37722}.Debug-fast-test|x86.Build.0 = Debug|Any CPU
		{AE5B9281-E0E6-40FC-8E3D-1DB2BCF37722}.Release|Any CPU.ActiveCfg = Release|Any CPU
		{AE5B9281-E0E6-40FC-8E3D-1DB2BCF37722}.Release|Any CPU.Build.0 = Release|Any CPU
		{AE5B9281-E0E6-40FC-8E3D-1DB2BCF37722}.Release|x64.ActiveCfg = Release|Any CPU
		{AE5B9281-E0E6-40FC-8E3D-1DB2BCF37722}.Release|x64.Build.0 = Release|Any CPU
		{AE5B9281-E0E6-40FC-8E3D-1DB2BCF37722}.Release|x86.ActiveCfg = Release|Any CPU
		{AE5B9281-E0E6-40FC-8E3D-1DB2BCF37722}.Release|x86.Build.0 = Release|Any CPU
		{64F2FD12-13C6-46FB-A2B9-1D28FB07CC21}.Debug|Any CPU.ActiveCfg = Debug|Any CPU
		{64F2FD12-13C6-46FB-A2B9-1D28FB07CC21}.Debug|Any CPU.Build.0 = Debug|Any CPU
		{64F2FD12-13C6-46FB-A2B9-1D28FB07CC21}.Debug|x64.ActiveCfg = Debug|Any CPU
		{64F2FD12-13C6-46FB-A2B9-1D28FB07CC21}.Debug|x64.Build.0 = Debug|Any CPU
		{64F2FD12-13C6-46FB-A2B9-1D28FB07CC21}.Debug|x86.ActiveCfg = Debug|Any CPU
		{64F2FD12-13C6-46FB-A2B9-1D28FB07CC21}.Debug|x86.Build.0 = Debug|Any CPU
		{64F2FD12-13C6-46FB-A2B9-1D28FB07CC21}.Debug-fast-test|Any CPU.ActiveCfg = Debug|Any CPU
		{64F2FD12-13C6-46FB-A2B9-1D28FB07CC21}.Debug-fast-test|Any CPU.Build.0 = Debug|Any CPU
		{64F2FD12-13C6-46FB-A2B9-1D28FB07CC21}.Debug-fast-test|x64.ActiveCfg = Debug|Any CPU
		{64F2FD12-13C6-46FB-A2B9-1D28FB07CC21}.Debug-fast-test|x64.Build.0 = Debug|Any CPU
		{64F2FD12-13C6-46FB-A2B9-1D28FB07CC21}.Debug-fast-test|x86.ActiveCfg = Debug|Any CPU
		{64F2FD12-13C6-46FB-A2B9-1D28FB07CC21}.Debug-fast-test|x86.Build.0 = Debug|Any CPU
		{64F2FD12-13C6-46FB-A2B9-1D28FB07CC21}.Release|Any CPU.ActiveCfg = Release|Any CPU
		{64F2FD12-13C6-46FB-A2B9-1D28FB07CC21}.Release|Any CPU.Build.0 = Release|Any CPU
		{64F2FD12-13C6-46FB-A2B9-1D28FB07CC21}.Release|x64.ActiveCfg = Release|Any CPU
		{64F2FD12-13C6-46FB-A2B9-1D28FB07CC21}.Release|x64.Build.0 = Release|Any CPU
		{64F2FD12-13C6-46FB-A2B9-1D28FB07CC21}.Release|x86.ActiveCfg = Release|Any CPU
		{64F2FD12-13C6-46FB-A2B9-1D28FB07CC21}.Release|x86.Build.0 = Release|Any CPU
		{21F00635-AAF7-466B-9214-A830EA9C8963}.Debug|Any CPU.ActiveCfg = Debug|Any CPU
		{21F00635-AAF7-466B-9214-A830EA9C8963}.Debug|Any CPU.Build.0 = Debug|Any CPU
		{21F00635-AAF7-466B-9214-A830EA9C8963}.Debug|x64.ActiveCfg = Debug|x64
		{21F00635-AAF7-466B-9214-A830EA9C8963}.Debug|x64.Build.0 = Debug|x64
		{21F00635-AAF7-466B-9214-A830EA9C8963}.Debug|x86.ActiveCfg = Debug|x86
		{21F00635-AAF7-466B-9214-A830EA9C8963}.Debug|x86.Build.0 = Debug|x86
		{21F00635-AAF7-466B-9214-A830EA9C8963}.Debug-fast-test|Any CPU.ActiveCfg = Debug|Any CPU
		{21F00635-AAF7-466B-9214-A830EA9C8963}.Debug-fast-test|Any CPU.Build.0 = Debug|Any CPU
		{21F00635-AAF7-466B-9214-A830EA9C8963}.Debug-fast-test|x64.ActiveCfg = Debug|x64
		{21F00635-AAF7-466B-9214-A830EA9C8963}.Debug-fast-test|x64.Build.0 = Debug|x64
		{21F00635-AAF7-466B-9214-A830EA9C8963}.Debug-fast-test|x86.ActiveCfg = Debug|x86
		{21F00635-AAF7-466B-9214-A830EA9C8963}.Debug-fast-test|x86.Build.0 = Debug|x86
		{21F00635-AAF7-466B-9214-A830EA9C8963}.Release|Any CPU.ActiveCfg = Release|Any CPU
		{21F00635-AAF7-466B-9214-A830EA9C8963}.Release|Any CPU.Build.0 = Release|Any CPU
		{21F00635-AAF7-466B-9214-A830EA9C8963}.Release|x64.ActiveCfg = Release|x64
		{21F00635-AAF7-466B-9214-A830EA9C8963}.Release|x64.Build.0 = Release|x64
		{21F00635-AAF7-466B-9214-A830EA9C8963}.Release|x86.ActiveCfg = Release|x86
		{21F00635-AAF7-466B-9214-A830EA9C8963}.Release|x86.Build.0 = Release|x86
		{E41BF7D2-231F-4D58-AD45-95F7146E1979}.Debug|Any CPU.ActiveCfg = Debug|Any CPU
		{E41BF7D2-231F-4D58-AD45-95F7146E1979}.Debug|Any CPU.Build.0 = Debug|Any CPU
		{E41BF7D2-231F-4D58-AD45-95F7146E1979}.Debug|x64.ActiveCfg = Debug|Any CPU
		{E41BF7D2-231F-4D58-AD45-95F7146E1979}.Debug|x64.Build.0 = Debug|Any CPU
		{E41BF7D2-231F-4D58-AD45-95F7146E1979}.Debug|x86.ActiveCfg = Debug|Any CPU
		{E41BF7D2-231F-4D58-AD45-95F7146E1979}.Debug|x86.Build.0 = Debug|Any CPU
		{E41BF7D2-231F-4D58-AD45-95F7146E1979}.Debug-fast-test|Any CPU.ActiveCfg = Debug-fast-test|Any CPU
		{E41BF7D2-231F-4D58-AD45-95F7146E1979}.Debug-fast-test|Any CPU.Build.0 = Debug-fast-test|Any CPU
		{E41BF7D2-231F-4D58-AD45-95F7146E1979}.Debug-fast-test|x64.ActiveCfg = Debug-fast-test|Any CPU
		{E41BF7D2-231F-4D58-AD45-95F7146E1979}.Debug-fast-test|x64.Build.0 = Debug-fast-test|Any CPU
		{E41BF7D2-231F-4D58-AD45-95F7146E1979}.Debug-fast-test|x86.ActiveCfg = Debug-fast-test|Any CPU
		{E41BF7D2-231F-4D58-AD45-95F7146E1979}.Debug-fast-test|x86.Build.0 = Debug-fast-test|Any CPU
		{E41BF7D2-231F-4D58-AD45-95F7146E1979}.Release|Any CPU.ActiveCfg = Release|Any CPU
		{E41BF7D2-231F-4D58-AD45-95F7146E1979}.Release|Any CPU.Build.0 = Release|Any CPU
		{E41BF7D2-231F-4D58-AD45-95F7146E1979}.Release|x64.ActiveCfg = Release|Any CPU
		{E41BF7D2-231F-4D58-AD45-95F7146E1979}.Release|x64.Build.0 = Release|Any CPU
		{E41BF7D2-231F-4D58-AD45-95F7146E1979}.Release|x86.ActiveCfg = Release|Any CPU
		{E41BF7D2-231F-4D58-AD45-95F7146E1979}.Release|x86.Build.0 = Release|Any CPU
		{0EA74034-2086-441A-B971-F52EFD23F5F8}.Debug|Any CPU.ActiveCfg = Debug|Any CPU
		{0EA74034-2086-441A-B971-F52EFD23F5F8}.Debug|Any CPU.Build.0 = Debug|Any CPU
		{0EA74034-2086-441A-B971-F52EFD23F5F8}.Debug|x64.ActiveCfg = Debug|Any CPU
		{0EA74034-2086-441A-B971-F52EFD23F5F8}.Debug|x64.Build.0 = Debug|Any CPU
		{0EA74034-2086-441A-B971-F52EFD23F5F8}.Debug|x86.ActiveCfg = Debug|Any CPU
		{0EA74034-2086-441A-B971-F52EFD23F5F8}.Debug|x86.Build.0 = Debug|Any CPU
		{0EA74034-2086-441A-B971-F52EFD23F5F8}.Debug-fast-test|Any CPU.ActiveCfg = Debug|Any CPU
		{0EA74034-2086-441A-B971-F52EFD23F5F8}.Debug-fast-test|Any CPU.Build.0 = Debug|Any CPU
		{0EA74034-2086-441A-B971-F52EFD23F5F8}.Debug-fast-test|x64.ActiveCfg = Debug|Any CPU
		{0EA74034-2086-441A-B971-F52EFD23F5F8}.Debug-fast-test|x64.Build.0 = Debug|Any CPU
		{0EA74034-2086-441A-B971-F52EFD23F5F8}.Debug-fast-test|x86.ActiveCfg = Debug|Any CPU
		{0EA74034-2086-441A-B971-F52EFD23F5F8}.Debug-fast-test|x86.Build.0 = Debug|Any CPU
		{0EA74034-2086-441A-B971-F52EFD23F5F8}.Release|Any CPU.ActiveCfg = Release|Any CPU
		{0EA74034-2086-441A-B971-F52EFD23F5F8}.Release|Any CPU.Build.0 = Release|Any CPU
		{0EA74034-2086-441A-B971-F52EFD23F5F8}.Release|x64.ActiveCfg = Release|Any CPU
		{0EA74034-2086-441A-B971-F52EFD23F5F8}.Release|x64.Build.0 = Release|Any CPU
		{0EA74034-2086-441A-B971-F52EFD23F5F8}.Release|x86.ActiveCfg = Release|Any CPU
		{0EA74034-2086-441A-B971-F52EFD23F5F8}.Release|x86.Build.0 = Release|Any CPU
		{3DEBDD7B-B004-4ADB-BDF8-58D6D65B8E57}.Debug|Any CPU.ActiveCfg = Debug|Any CPU
		{3DEBDD7B-B004-4ADB-BDF8-58D6D65B8E57}.Debug|Any CPU.Build.0 = Debug|Any CPU
		{3DEBDD7B-B004-4ADB-BDF8-58D6D65B8E57}.Debug|x64.ActiveCfg = Debug|Any CPU
		{3DEBDD7B-B004-4ADB-BDF8-58D6D65B8E57}.Debug|x64.Build.0 = Debug|Any CPU
		{3DEBDD7B-B004-4ADB-BDF8-58D6D65B8E57}.Debug|x86.ActiveCfg = Debug|Any CPU
		{3DEBDD7B-B004-4ADB-BDF8-58D6D65B8E57}.Debug|x86.Build.0 = Debug|Any CPU
		{3DEBDD7B-B004-4ADB-BDF8-58D6D65B8E57}.Debug-fast-test|Any CPU.ActiveCfg = Debug|Any CPU
		{3DEBDD7B-B004-4ADB-BDF8-58D6D65B8E57}.Debug-fast-test|Any CPU.Build.0 = Debug|Any CPU
		{3DEBDD7B-B004-4ADB-BDF8-58D6D65B8E57}.Debug-fast-test|x64.ActiveCfg = Debug|Any CPU
		{3DEBDD7B-B004-4ADB-BDF8-58D6D65B8E57}.Debug-fast-test|x64.Build.0 = Debug|Any CPU
		{3DEBDD7B-B004-4ADB-BDF8-58D6D65B8E57}.Debug-fast-test|x86.ActiveCfg = Debug|Any CPU
		{3DEBDD7B-B004-4ADB-BDF8-58D6D65B8E57}.Debug-fast-test|x86.Build.0 = Debug|Any CPU
		{3DEBDD7B-B004-4ADB-BDF8-58D6D65B8E57}.Release|Any CPU.ActiveCfg = Release|Any CPU
		{3DEBDD7B-B004-4ADB-BDF8-58D6D65B8E57}.Release|Any CPU.Build.0 = Release|Any CPU
		{3DEBDD7B-B004-4ADB-BDF8-58D6D65B8E57}.Release|x64.ActiveCfg = Release|Any CPU
		{3DEBDD7B-B004-4ADB-BDF8-58D6D65B8E57}.Release|x64.Build.0 = Release|Any CPU
		{3DEBDD7B-B004-4ADB-BDF8-58D6D65B8E57}.Release|x86.ActiveCfg = Release|Any CPU
		{3DEBDD7B-B004-4ADB-BDF8-58D6D65B8E57}.Release|x86.Build.0 = Release|Any CPU
		{6D1BC42E-FFEA-4F4A-9375-328D0DE7269D}.Debug|Any CPU.ActiveCfg = Debug|Any CPU
		{6D1BC42E-FFEA-4F4A-9375-328D0DE7269D}.Debug|Any CPU.Build.0 = Debug|Any CPU
		{6D1BC42E-FFEA-4F4A-9375-328D0DE7269D}.Debug|x64.ActiveCfg = Debug|Any CPU
		{6D1BC42E-FFEA-4F4A-9375-328D0DE7269D}.Debug|x64.Build.0 = Debug|Any CPU
		{6D1BC42E-FFEA-4F4A-9375-328D0DE7269D}.Debug|x86.ActiveCfg = Debug|Any CPU
		{6D1BC42E-FFEA-4F4A-9375-328D0DE7269D}.Debug|x86.Build.0 = Debug|Any CPU
		{6D1BC42E-FFEA-4F4A-9375-328D0DE7269D}.Debug-fast-test|Any CPU.ActiveCfg = Debug|Any CPU
		{6D1BC42E-FFEA-4F4A-9375-328D0DE7269D}.Debug-fast-test|Any CPU.Build.0 = Debug|Any CPU
		{6D1BC42E-FFEA-4F4A-9375-328D0DE7269D}.Debug-fast-test|x64.ActiveCfg = Debug|Any CPU
		{6D1BC42E-FFEA-4F4A-9375-328D0DE7269D}.Debug-fast-test|x64.Build.0 = Debug|Any CPU
		{6D1BC42E-FFEA-4F4A-9375-328D0DE7269D}.Debug-fast-test|x86.ActiveCfg = Debug|Any CPU
		{6D1BC42E-FFEA-4F4A-9375-328D0DE7269D}.Debug-fast-test|x86.Build.0 = Debug|Any CPU
		{6D1BC42E-FFEA-4F4A-9375-328D0DE7269D}.Release|Any CPU.ActiveCfg = Release|Any CPU
		{6D1BC42E-FFEA-4F4A-9375-328D0DE7269D}.Release|Any CPU.Build.0 = Release|Any CPU
		{6D1BC42E-FFEA-4F4A-9375-328D0DE7269D}.Release|x64.ActiveCfg = Release|Any CPU
		{6D1BC42E-FFEA-4F4A-9375-328D0DE7269D}.Release|x64.Build.0 = Release|Any CPU
		{6D1BC42E-FFEA-4F4A-9375-328D0DE7269D}.Release|x86.ActiveCfg = Release|Any CPU
		{6D1BC42E-FFEA-4F4A-9375-328D0DE7269D}.Release|x86.Build.0 = Release|Any CPU
		{BCF71ABB-FB1E-4D33-A488-5DDBA68DFA60}.Debug|Any CPU.ActiveCfg = Debug|Any CPU
		{BCF71ABB-FB1E-4D33-A488-5DDBA68DFA60}.Debug|Any CPU.Build.0 = Debug|Any CPU
		{BCF71ABB-FB1E-4D33-A488-5DDBA68DFA60}.Debug|x64.ActiveCfg = Debug|Any CPU
		{BCF71ABB-FB1E-4D33-A488-5DDBA68DFA60}.Debug|x64.Build.0 = Debug|Any CPU
		{BCF71ABB-FB1E-4D33-A488-5DDBA68DFA60}.Debug|x86.ActiveCfg = Debug|Any CPU
		{BCF71ABB-FB1E-4D33-A488-5DDBA68DFA60}.Debug|x86.Build.0 = Debug|Any CPU
		{BCF71ABB-FB1E-4D33-A488-5DDBA68DFA60}.Debug-fast-test|Any CPU.ActiveCfg = Debug|Any CPU
		{BCF71ABB-FB1E-4D33-A488-5DDBA68DFA60}.Debug-fast-test|Any CPU.Build.0 = Debug|Any CPU
		{BCF71ABB-FB1E-4D33-A488-5DDBA68DFA60}.Debug-fast-test|x64.ActiveCfg = Debug|Any CPU
		{BCF71ABB-FB1E-4D33-A488-5DDBA68DFA60}.Debug-fast-test|x64.Build.0 = Debug|Any CPU
		{BCF71ABB-FB1E-4D33-A488-5DDBA68DFA60}.Debug-fast-test|x86.ActiveCfg = Debug|Any CPU
		{BCF71ABB-FB1E-4D33-A488-5DDBA68DFA60}.Debug-fast-test|x86.Build.0 = Debug|Any CPU
		{BCF71ABB-FB1E-4D33-A488-5DDBA68DFA60}.Release|Any CPU.ActiveCfg = Release|Any CPU
		{BCF71ABB-FB1E-4D33-A488-5DDBA68DFA60}.Release|Any CPU.Build.0 = Release|Any CPU
		{BCF71ABB-FB1E-4D33-A488-5DDBA68DFA60}.Release|x64.ActiveCfg = Release|Any CPU
		{BCF71ABB-FB1E-4D33-A488-5DDBA68DFA60}.Release|x64.Build.0 = Release|Any CPU
		{BCF71ABB-FB1E-4D33-A488-5DDBA68DFA60}.Release|x86.ActiveCfg = Release|Any CPU
		{BCF71ABB-FB1E-4D33-A488-5DDBA68DFA60}.Release|x86.Build.0 = Release|Any CPU
		{21B1D90E-F201-4EF0-B4E9-A99315945F1D}.Debug|Any CPU.ActiveCfg = Debug|Any CPU
		{21B1D90E-F201-4EF0-B4E9-A99315945F1D}.Debug|Any CPU.Build.0 = Debug|Any CPU
		{21B1D90E-F201-4EF0-B4E9-A99315945F1D}.Debug|x64.ActiveCfg = Debug|Any CPU
		{21B1D90E-F201-4EF0-B4E9-A99315945F1D}.Debug|x64.Build.0 = Debug|Any CPU
		{21B1D90E-F201-4EF0-B4E9-A99315945F1D}.Debug|x86.ActiveCfg = Debug|Any CPU
		{21B1D90E-F201-4EF0-B4E9-A99315945F1D}.Debug|x86.Build.0 = Debug|Any CPU
		{21B1D90E-F201-4EF0-B4E9-A99315945F1D}.Debug-fast-test|Any CPU.ActiveCfg = Debug|Any CPU
		{21B1D90E-F201-4EF0-B4E9-A99315945F1D}.Debug-fast-test|Any CPU.Build.0 = Debug|Any CPU
		{21B1D90E-F201-4EF0-B4E9-A99315945F1D}.Debug-fast-test|x64.ActiveCfg = Debug|Any CPU
		{21B1D90E-F201-4EF0-B4E9-A99315945F1D}.Debug-fast-test|x64.Build.0 = Debug|Any CPU
		{21B1D90E-F201-4EF0-B4E9-A99315945F1D}.Debug-fast-test|x86.ActiveCfg = Debug|Any CPU
		{21B1D90E-F201-4EF0-B4E9-A99315945F1D}.Debug-fast-test|x86.Build.0 = Debug|Any CPU
		{21B1D90E-F201-4EF0-B4E9-A99315945F1D}.Release|Any CPU.ActiveCfg = Release|Any CPU
		{21B1D90E-F201-4EF0-B4E9-A99315945F1D}.Release|Any CPU.Build.0 = Release|Any CPU
		{21B1D90E-F201-4EF0-B4E9-A99315945F1D}.Release|x64.ActiveCfg = Release|Any CPU
		{21B1D90E-F201-4EF0-B4E9-A99315945F1D}.Release|x64.Build.0 = Release|Any CPU
		{21B1D90E-F201-4EF0-B4E9-A99315945F1D}.Release|x86.ActiveCfg = Release|Any CPU
		{21B1D90E-F201-4EF0-B4E9-A99315945F1D}.Release|x86.Build.0 = Release|Any CPU
		{57D13829-2736-45FC-B2F0-BFC8C44B28BA}.Debug|Any CPU.ActiveCfg = Debug|Any CPU
		{57D13829-2736-45FC-B2F0-BFC8C44B28BA}.Debug|Any CPU.Build.0 = Debug|Any CPU
		{57D13829-2736-45FC-B2F0-BFC8C44B28BA}.Debug|x64.ActiveCfg = Debug|Any CPU
		{57D13829-2736-45FC-B2F0-BFC8C44B28BA}.Debug|x64.Build.0 = Debug|Any CPU
		{57D13829-2736-45FC-B2F0-BFC8C44B28BA}.Debug|x86.ActiveCfg = Debug|Any CPU
		{57D13829-2736-45FC-B2F0-BFC8C44B28BA}.Debug|x86.Build.0 = Debug|Any CPU
		{57D13829-2736-45FC-B2F0-BFC8C44B28BA}.Debug-fast-test|Any CPU.ActiveCfg = Debug|Any CPU
		{57D13829-2736-45FC-B2F0-BFC8C44B28BA}.Debug-fast-test|Any CPU.Build.0 = Debug|Any CPU
		{57D13829-2736-45FC-B2F0-BFC8C44B28BA}.Debug-fast-test|x64.ActiveCfg = Debug|Any CPU
		{57D13829-2736-45FC-B2F0-BFC8C44B28BA}.Debug-fast-test|x64.Build.0 = Debug|Any CPU
		{57D13829-2736-45FC-B2F0-BFC8C44B28BA}.Debug-fast-test|x86.ActiveCfg = Debug|Any CPU
		{57D13829-2736-45FC-B2F0-BFC8C44B28BA}.Debug-fast-test|x86.Build.0 = Debug|Any CPU
		{57D13829-2736-45FC-B2F0-BFC8C44B28BA}.Release|Any CPU.ActiveCfg = Release|Any CPU
		{57D13829-2736-45FC-B2F0-BFC8C44B28BA}.Release|Any CPU.Build.0 = Release|Any CPU
		{57D13829-2736-45FC-B2F0-BFC8C44B28BA}.Release|x64.ActiveCfg = Release|Any CPU
		{57D13829-2736-45FC-B2F0-BFC8C44B28BA}.Release|x64.Build.0 = Release|Any CPU
		{57D13829-2736-45FC-B2F0-BFC8C44B28BA}.Release|x86.ActiveCfg = Release|Any CPU
		{57D13829-2736-45FC-B2F0-BFC8C44B28BA}.Release|x86.Build.0 = Release|Any CPU
		{723CF4EC-43A6-4FD4-A3BE-445685E32D09}.Debug|Any CPU.ActiveCfg = Debug|Any CPU
		{723CF4EC-43A6-4FD4-A3BE-445685E32D09}.Debug|Any CPU.Build.0 = Debug|Any CPU
		{723CF4EC-43A6-4FD4-A3BE-445685E32D09}.Debug|x64.ActiveCfg = Debug|Any CPU
		{723CF4EC-43A6-4FD4-A3BE-445685E32D09}.Debug|x64.Build.0 = Debug|Any CPU
		{723CF4EC-43A6-4FD4-A3BE-445685E32D09}.Debug|x86.ActiveCfg = Debug|Any CPU
		{723CF4EC-43A6-4FD4-A3BE-445685E32D09}.Debug|x86.Build.0 = Debug|Any CPU
		{723CF4EC-43A6-4FD4-A3BE-445685E32D09}.Debug-fast-test|Any CPU.ActiveCfg = Debug|Any CPU
		{723CF4EC-43A6-4FD4-A3BE-445685E32D09}.Debug-fast-test|Any CPU.Build.0 = Debug|Any CPU
		{723CF4EC-43A6-4FD4-A3BE-445685E32D09}.Debug-fast-test|x64.ActiveCfg = Debug|Any CPU
		{723CF4EC-43A6-4FD4-A3BE-445685E32D09}.Debug-fast-test|x64.Build.0 = Debug|Any CPU
		{723CF4EC-43A6-4FD4-A3BE-445685E32D09}.Debug-fast-test|x86.ActiveCfg = Debug|Any CPU
		{723CF4EC-43A6-4FD4-A3BE-445685E32D09}.Debug-fast-test|x86.Build.0 = Debug|Any CPU
		{723CF4EC-43A6-4FD4-A3BE-445685E32D09}.Release|Any CPU.ActiveCfg = Release|Any CPU
		{723CF4EC-43A6-4FD4-A3BE-445685E32D09}.Release|Any CPU.Build.0 = Release|Any CPU
		{723CF4EC-43A6-4FD4-A3BE-445685E32D09}.Release|x64.ActiveCfg = Release|Any CPU
		{723CF4EC-43A6-4FD4-A3BE-445685E32D09}.Release|x64.Build.0 = Release|Any CPU
		{723CF4EC-43A6-4FD4-A3BE-445685E32D09}.Release|x86.ActiveCfg = Release|Any CPU
		{723CF4EC-43A6-4FD4-A3BE-445685E32D09}.Release|x86.Build.0 = Release|Any CPU
		{36042B7B-7228-43F7-B59F-1613176A1F81}.Debug|Any CPU.ActiveCfg = Debug|Any CPU
		{36042B7B-7228-43F7-B59F-1613176A1F81}.Debug|Any CPU.Build.0 = Debug|Any CPU
		{36042B7B-7228-43F7-B59F-1613176A1F81}.Debug|x64.ActiveCfg = Debug|Any CPU
		{36042B7B-7228-43F7-B59F-1613176A1F81}.Debug|x64.Build.0 = Debug|Any CPU
		{36042B7B-7228-43F7-B59F-1613176A1F81}.Debug|x86.ActiveCfg = Debug|Any CPU
		{36042B7B-7228-43F7-B59F-1613176A1F81}.Debug|x86.Build.0 = Debug|Any CPU
		{36042B7B-7228-43F7-B59F-1613176A1F81}.Debug-fast-test|Any CPU.ActiveCfg = Debug|Any CPU
		{36042B7B-7228-43F7-B59F-1613176A1F81}.Debug-fast-test|Any CPU.Build.0 = Debug|Any CPU
		{36042B7B-7228-43F7-B59F-1613176A1F81}.Debug-fast-test|x64.ActiveCfg = Debug|Any CPU
		{36042B7B-7228-43F7-B59F-1613176A1F81}.Debug-fast-test|x64.Build.0 = Debug|Any CPU
		{36042B7B-7228-43F7-B59F-1613176A1F81}.Debug-fast-test|x86.ActiveCfg = Debug|Any CPU
		{36042B7B-7228-43F7-B59F-1613176A1F81}.Debug-fast-test|x86.Build.0 = Debug|Any CPU
		{36042B7B-7228-43F7-B59F-1613176A1F81}.Release|Any CPU.ActiveCfg = Release|Any CPU
		{36042B7B-7228-43F7-B59F-1613176A1F81}.Release|Any CPU.Build.0 = Release|Any CPU
		{36042B7B-7228-43F7-B59F-1613176A1F81}.Release|x64.ActiveCfg = Release|Any CPU
		{36042B7B-7228-43F7-B59F-1613176A1F81}.Release|x64.Build.0 = Release|Any CPU
		{36042B7B-7228-43F7-B59F-1613176A1F81}.Release|x86.ActiveCfg = Release|Any CPU
		{36042B7B-7228-43F7-B59F-1613176A1F81}.Release|x86.Build.0 = Release|Any CPU
		{58B455F8-B8D4-41A5-90B4-A7D167ABC08C}.Debug|Any CPU.ActiveCfg = Debug|Any CPU
		{58B455F8-B8D4-41A5-90B4-A7D167ABC08C}.Debug|Any CPU.Build.0 = Debug|Any CPU
		{58B455F8-B8D4-41A5-90B4-A7D167ABC08C}.Debug|x64.ActiveCfg = Debug|Any CPU
		{58B455F8-B8D4-41A5-90B4-A7D167ABC08C}.Debug|x64.Build.0 = Debug|Any CPU
		{58B455F8-B8D4-41A5-90B4-A7D167ABC08C}.Debug|x86.ActiveCfg = Debug|Any CPU
		{58B455F8-B8D4-41A5-90B4-A7D167ABC08C}.Debug|x86.Build.0 = Debug|Any CPU
		{58B455F8-B8D4-41A5-90B4-A7D167ABC08C}.Debug-fast-test|Any CPU.ActiveCfg = Debug|Any CPU
		{58B455F8-B8D4-41A5-90B4-A7D167ABC08C}.Debug-fast-test|Any CPU.Build.0 = Debug|Any CPU
		{58B455F8-B8D4-41A5-90B4-A7D167ABC08C}.Debug-fast-test|x64.ActiveCfg = Debug|Any CPU
		{58B455F8-B8D4-41A5-90B4-A7D167ABC08C}.Debug-fast-test|x64.Build.0 = Debug|Any CPU
		{58B455F8-B8D4-41A5-90B4-A7D167ABC08C}.Debug-fast-test|x86.ActiveCfg = Debug|Any CPU
		{58B455F8-B8D4-41A5-90B4-A7D167ABC08C}.Debug-fast-test|x86.Build.0 = Debug|Any CPU
		{58B455F8-B8D4-41A5-90B4-A7D167ABC08C}.Release|Any CPU.ActiveCfg = Release|Any CPU
		{58B455F8-B8D4-41A5-90B4-A7D167ABC08C}.Release|Any CPU.Build.0 = Release|Any CPU
		{58B455F8-B8D4-41A5-90B4-A7D167ABC08C}.Release|x64.ActiveCfg = Release|Any CPU
		{58B455F8-B8D4-41A5-90B4-A7D167ABC08C}.Release|x64.Build.0 = Release|Any CPU
		{58B455F8-B8D4-41A5-90B4-A7D167ABC08C}.Release|x86.ActiveCfg = Release|Any CPU
		{58B455F8-B8D4-41A5-90B4-A7D167ABC08C}.Release|x86.Build.0 = Release|Any CPU
		{CBB97B17-2F67-417E-9EFA-95751A785BA2}.Debug|Any CPU.ActiveCfg = Debug|Any CPU
		{CBB97B17-2F67-417E-9EFA-95751A785BA2}.Debug|Any CPU.Build.0 = Debug|Any CPU
		{CBB97B17-2F67-417E-9EFA-95751A785BA2}.Debug|x64.ActiveCfg = Debug|Any CPU
		{CBB97B17-2F67-417E-9EFA-95751A785BA2}.Debug|x64.Build.0 = Debug|Any CPU
		{CBB97B17-2F67-417E-9EFA-95751A785BA2}.Debug|x86.ActiveCfg = Debug|Any CPU
		{CBB97B17-2F67-417E-9EFA-95751A785BA2}.Debug|x86.Build.0 = Debug|Any CPU
		{CBB97B17-2F67-417E-9EFA-95751A785BA2}.Debug-fast-test|Any CPU.ActiveCfg = Debug|Any CPU
		{CBB97B17-2F67-417E-9EFA-95751A785BA2}.Debug-fast-test|Any CPU.Build.0 = Debug|Any CPU
		{CBB97B17-2F67-417E-9EFA-95751A785BA2}.Debug-fast-test|x64.ActiveCfg = Debug|Any CPU
		{CBB97B17-2F67-417E-9EFA-95751A785BA2}.Debug-fast-test|x64.Build.0 = Debug|Any CPU
		{CBB97B17-2F67-417E-9EFA-95751A785BA2}.Debug-fast-test|x86.ActiveCfg = Debug|Any CPU
		{CBB97B17-2F67-417E-9EFA-95751A785BA2}.Debug-fast-test|x86.Build.0 = Debug|Any CPU
		{CBB97B17-2F67-417E-9EFA-95751A785BA2}.Release|Any CPU.ActiveCfg = Release|Any CPU
		{CBB97B17-2F67-417E-9EFA-95751A785BA2}.Release|Any CPU.Build.0 = Release|Any CPU
		{CBB97B17-2F67-417E-9EFA-95751A785BA2}.Release|x64.ActiveCfg = Release|Any CPU
		{CBB97B17-2F67-417E-9EFA-95751A785BA2}.Release|x64.Build.0 = Release|Any CPU
		{CBB97B17-2F67-417E-9EFA-95751A785BA2}.Release|x86.ActiveCfg = Release|Any CPU
		{CBB97B17-2F67-417E-9EFA-95751A785BA2}.Release|x86.Build.0 = Release|Any CPU
		{9A02CA78-3A5D-42F4-8B1E-1B7A10D47F66}.Debug|Any CPU.ActiveCfg = Debug|Any CPU
		{9A02CA78-3A5D-42F4-8B1E-1B7A10D47F66}.Debug|Any CPU.Build.0 = Debug|Any CPU
		{9A02CA78-3A5D-42F4-8B1E-1B7A10D47F66}.Debug|x64.ActiveCfg = Debug|Any CPU
		{9A02CA78-3A5D-42F4-8B1E-1B7A10D47F66}.Debug|x64.Build.0 = Debug|Any CPU
		{9A02CA78-3A5D-42F4-8B1E-1B7A10D47F66}.Debug|x86.ActiveCfg = Debug|Any CPU
		{9A02CA78-3A5D-42F4-8B1E-1B7A10D47F66}.Debug|x86.Build.0 = Debug|Any CPU
		{9A02CA78-3A5D-42F4-8B1E-1B7A10D47F66}.Debug-fast-test|Any CPU.ActiveCfg = Debug|Any CPU
		{9A02CA78-3A5D-42F4-8B1E-1B7A10D47F66}.Debug-fast-test|Any CPU.Build.0 = Debug|Any CPU
		{9A02CA78-3A5D-42F4-8B1E-1B7A10D47F66}.Debug-fast-test|x64.ActiveCfg = Debug|Any CPU
		{9A02CA78-3A5D-42F4-8B1E-1B7A10D47F66}.Debug-fast-test|x64.Build.0 = Debug|Any CPU
		{9A02CA78-3A5D-42F4-8B1E-1B7A10D47F66}.Debug-fast-test|x86.ActiveCfg = Debug|Any CPU
		{9A02CA78-3A5D-42F4-8B1E-1B7A10D47F66}.Debug-fast-test|x86.Build.0 = Debug|Any CPU
		{9A02CA78-3A5D-42F4-8B1E-1B7A10D47F66}.Release|Any CPU.ActiveCfg = Release|Any CPU
		{9A02CA78-3A5D-42F4-8B1E-1B7A10D47F66}.Release|Any CPU.Build.0 = Release|Any CPU
		{9A02CA78-3A5D-42F4-8B1E-1B7A10D47F66}.Release|x64.ActiveCfg = Release|Any CPU
		{9A02CA78-3A5D-42F4-8B1E-1B7A10D47F66}.Release|x64.Build.0 = Release|Any CPU
		{9A02CA78-3A5D-42F4-8B1E-1B7A10D47F66}.Release|x86.ActiveCfg = Release|Any CPU
		{9A02CA78-3A5D-42F4-8B1E-1B7A10D47F66}.Release|x86.Build.0 = Release|Any CPU
		{33E27CC8-7FE6-4936-B57F-57298532F175}.Debug|Any CPU.ActiveCfg = Debug|Any CPU
		{33E27CC8-7FE6-4936-B57F-57298532F175}.Debug|Any CPU.Build.0 = Debug|Any CPU
		{33E27CC8-7FE6-4936-B57F-57298532F175}.Debug|x64.ActiveCfg = Debug|Any CPU
		{33E27CC8-7FE6-4936-B57F-57298532F175}.Debug|x64.Build.0 = Debug|Any CPU
		{33E27CC8-7FE6-4936-B57F-57298532F175}.Debug|x86.ActiveCfg = Debug|Any CPU
		{33E27CC8-7FE6-4936-B57F-57298532F175}.Debug|x86.Build.0 = Debug|Any CPU
		{33E27CC8-7FE6-4936-B57F-57298532F175}.Debug-fast-test|Any CPU.ActiveCfg = Debug|Any CPU
		{33E27CC8-7FE6-4936-B57F-57298532F175}.Debug-fast-test|Any CPU.Build.0 = Debug|Any CPU
		{33E27CC8-7FE6-4936-B57F-57298532F175}.Debug-fast-test|x64.ActiveCfg = Debug|Any CPU
		{33E27CC8-7FE6-4936-B57F-57298532F175}.Debug-fast-test|x64.Build.0 = Debug|Any CPU
		{33E27CC8-7FE6-4936-B57F-57298532F175}.Debug-fast-test|x86.ActiveCfg = Debug|Any CPU
		{33E27CC8-7FE6-4936-B57F-57298532F175}.Debug-fast-test|x86.Build.0 = Debug|Any CPU
		{33E27CC8-7FE6-4936-B57F-57298532F175}.Release|Any CPU.ActiveCfg = Release|Any CPU
		{33E27CC8-7FE6-4936-B57F-57298532F175}.Release|Any CPU.Build.0 = Release|Any CPU
		{33E27CC8-7FE6-4936-B57F-57298532F175}.Release|x64.ActiveCfg = Release|Any CPU
		{33E27CC8-7FE6-4936-B57F-57298532F175}.Release|x64.Build.0 = Release|Any CPU
		{33E27CC8-7FE6-4936-B57F-57298532F175}.Release|x86.ActiveCfg = Release|Any CPU
		{33E27CC8-7FE6-4936-B57F-57298532F175}.Release|x86.Build.0 = Release|Any CPU
		{5898E952-8C43-40B7-9527-EB814650D50F}.Debug|Any CPU.ActiveCfg = Debug|Any CPU
		{5898E952-8C43-40B7-9527-EB814650D50F}.Debug|Any CPU.Build.0 = Debug|Any CPU
		{5898E952-8C43-40B7-9527-EB814650D50F}.Debug|x64.ActiveCfg = Debug|Any CPU
		{5898E952-8C43-40B7-9527-EB814650D50F}.Debug|x64.Build.0 = Debug|Any CPU
		{5898E952-8C43-40B7-9527-EB814650D50F}.Debug|x86.ActiveCfg = Debug|Any CPU
		{5898E952-8C43-40B7-9527-EB814650D50F}.Debug|x86.Build.0 = Debug|Any CPU
		{5898E952-8C43-40B7-9527-EB814650D50F}.Debug-fast-test|Any CPU.ActiveCfg = Debug|Any CPU
		{5898E952-8C43-40B7-9527-EB814650D50F}.Debug-fast-test|Any CPU.Build.0 = Debug|Any CPU
		{5898E952-8C43-40B7-9527-EB814650D50F}.Debug-fast-test|x64.ActiveCfg = Debug|Any CPU
		{5898E952-8C43-40B7-9527-EB814650D50F}.Debug-fast-test|x64.Build.0 = Debug|Any CPU
		{5898E952-8C43-40B7-9527-EB814650D50F}.Debug-fast-test|x86.ActiveCfg = Debug|Any CPU
		{5898E952-8C43-40B7-9527-EB814650D50F}.Debug-fast-test|x86.Build.0 = Debug|Any CPU
		{5898E952-8C43-40B7-9527-EB814650D50F}.Release|Any CPU.ActiveCfg = Release|Any CPU
		{5898E952-8C43-40B7-9527-EB814650D50F}.Release|Any CPU.Build.0 = Release|Any CPU
		{5898E952-8C43-40B7-9527-EB814650D50F}.Release|x64.ActiveCfg = Release|Any CPU
		{5898E952-8C43-40B7-9527-EB814650D50F}.Release|x64.Build.0 = Release|Any CPU
		{5898E952-8C43-40B7-9527-EB814650D50F}.Release|x86.ActiveCfg = Release|Any CPU
		{5898E952-8C43-40B7-9527-EB814650D50F}.Release|x86.Build.0 = Release|Any CPU
		{36F8A922-028E-49DD-BBD6-D7DAAB339491}.Debug|Any CPU.ActiveCfg = Debug|Any CPU
		{36F8A922-028E-49DD-BBD6-D7DAAB339491}.Debug|Any CPU.Build.0 = Debug|Any CPU
		{36F8A922-028E-49DD-BBD6-D7DAAB339491}.Debug|x64.ActiveCfg = Debug|Any CPU
		{36F8A922-028E-49DD-BBD6-D7DAAB339491}.Debug|x64.Build.0 = Debug|Any CPU
		{36F8A922-028E-49DD-BBD6-D7DAAB339491}.Debug|x86.ActiveCfg = Debug|Any CPU
		{36F8A922-028E-49DD-BBD6-D7DAAB339491}.Debug|x86.Build.0 = Debug|Any CPU
		{36F8A922-028E-49DD-BBD6-D7DAAB339491}.Debug-fast-test|Any CPU.ActiveCfg = Debug|Any CPU
		{36F8A922-028E-49DD-BBD6-D7DAAB339491}.Debug-fast-test|Any CPU.Build.0 = Debug|Any CPU
		{36F8A922-028E-49DD-BBD6-D7DAAB339491}.Debug-fast-test|x64.ActiveCfg = Debug|Any CPU
		{36F8A922-028E-49DD-BBD6-D7DAAB339491}.Debug-fast-test|x64.Build.0 = Debug|Any CPU
		{36F8A922-028E-49DD-BBD6-D7DAAB339491}.Debug-fast-test|x86.ActiveCfg = Debug|Any CPU
		{36F8A922-028E-49DD-BBD6-D7DAAB339491}.Debug-fast-test|x86.Build.0 = Debug|Any CPU
		{36F8A922-028E-49DD-BBD6-D7DAAB339491}.Release|Any CPU.ActiveCfg = Release|Any CPU
		{36F8A922-028E-49DD-BBD6-D7DAAB339491}.Release|Any CPU.Build.0 = Release|Any CPU
		{36F8A922-028E-49DD-BBD6-D7DAAB339491}.Release|x64.ActiveCfg = Release|Any CPU
		{36F8A922-028E-49DD-BBD6-D7DAAB339491}.Release|x64.Build.0 = Release|Any CPU
		{36F8A922-028E-49DD-BBD6-D7DAAB339491}.Release|x86.ActiveCfg = Release|Any CPU
		{36F8A922-028E-49DD-BBD6-D7DAAB339491}.Release|x86.Build.0 = Release|Any CPU
		{EAFFB84C-F492-4EE5-AA11-C285AAF4E154}.Debug|Any CPU.ActiveCfg = Debug|Any CPU
		{EAFFB84C-F492-4EE5-AA11-C285AAF4E154}.Debug|Any CPU.Build.0 = Debug|Any CPU
		{EAFFB84C-F492-4EE5-AA11-C285AAF4E154}.Debug|x64.ActiveCfg = Debug|Any CPU
		{EAFFB84C-F492-4EE5-AA11-C285AAF4E154}.Debug|x64.Build.0 = Debug|Any CPU
		{EAFFB84C-F492-4EE5-AA11-C285AAF4E154}.Debug|x86.ActiveCfg = Debug|Any CPU
		{EAFFB84C-F492-4EE5-AA11-C285AAF4E154}.Debug|x86.Build.0 = Debug|Any CPU
		{EAFFB84C-F492-4EE5-AA11-C285AAF4E154}.Debug-fast-test|Any CPU.ActiveCfg = Debug|Any CPU
		{EAFFB84C-F492-4EE5-AA11-C285AAF4E154}.Debug-fast-test|Any CPU.Build.0 = Debug|Any CPU
		{EAFFB84C-F492-4EE5-AA11-C285AAF4E154}.Debug-fast-test|x64.ActiveCfg = Debug|Any CPU
		{EAFFB84C-F492-4EE5-AA11-C285AAF4E154}.Debug-fast-test|x64.Build.0 = Debug|Any CPU
		{EAFFB84C-F492-4EE5-AA11-C285AAF4E154}.Debug-fast-test|x86.ActiveCfg = Debug|Any CPU
		{EAFFB84C-F492-4EE5-AA11-C285AAF4E154}.Debug-fast-test|x86.Build.0 = Debug|Any CPU
		{EAFFB84C-F492-4EE5-AA11-C285AAF4E154}.Release|Any CPU.ActiveCfg = Release|Any CPU
		{EAFFB84C-F492-4EE5-AA11-C285AAF4E154}.Release|Any CPU.Build.0 = Release|Any CPU
		{EAFFB84C-F492-4EE5-AA11-C285AAF4E154}.Release|x64.ActiveCfg = Release|Any CPU
		{EAFFB84C-F492-4EE5-AA11-C285AAF4E154}.Release|x64.Build.0 = Release|Any CPU
		{EAFFB84C-F492-4EE5-AA11-C285AAF4E154}.Release|x86.ActiveCfg = Release|Any CPU
		{EAFFB84C-F492-4EE5-AA11-C285AAF4E154}.Release|x86.Build.0 = Release|Any CPU
		{B04813EA-A4B5-40AE-B705-743687F74770}.Debug|Any CPU.ActiveCfg = Debug|Any CPU
		{B04813EA-A4B5-40AE-B705-743687F74770}.Debug|Any CPU.Build.0 = Debug|Any CPU
		{B04813EA-A4B5-40AE-B705-743687F74770}.Debug|x64.ActiveCfg = Debug|Any CPU
		{B04813EA-A4B5-40AE-B705-743687F74770}.Debug|x64.Build.0 = Debug|Any CPU
		{B04813EA-A4B5-40AE-B705-743687F74770}.Debug|x86.ActiveCfg = Debug|x86
		{B04813EA-A4B5-40AE-B705-743687F74770}.Debug|x86.Build.0 = Debug|x86
		{B04813EA-A4B5-40AE-B705-743687F74770}.Debug-fast-test|Any CPU.ActiveCfg = Debug-fast-test|Any CPU
		{B04813EA-A4B5-40AE-B705-743687F74770}.Debug-fast-test|Any CPU.Build.0 = Debug-fast-test|Any CPU
		{B04813EA-A4B5-40AE-B705-743687F74770}.Debug-fast-test|x64.ActiveCfg = Debug-fast-test|Any CPU
		{B04813EA-A4B5-40AE-B705-743687F74770}.Debug-fast-test|x64.Build.0 = Debug-fast-test|Any CPU
		{B04813EA-A4B5-40AE-B705-743687F74770}.Debug-fast-test|x86.ActiveCfg = Debug-fast-test|x86
		{B04813EA-A4B5-40AE-B705-743687F74770}.Debug-fast-test|x86.Build.0 = Debug-fast-test|x86
		{B04813EA-A4B5-40AE-B705-743687F74770}.Release|Any CPU.ActiveCfg = Release|Any CPU
		{B04813EA-A4B5-40AE-B705-743687F74770}.Release|Any CPU.Build.0 = Release|Any CPU
		{B04813EA-A4B5-40AE-B705-743687F74770}.Release|x64.ActiveCfg = Release|Any CPU
		{B04813EA-A4B5-40AE-B705-743687F74770}.Release|x64.Build.0 = Release|Any CPU
		{B04813EA-A4B5-40AE-B705-743687F74770}.Release|x86.ActiveCfg = Release|x86
		{B04813EA-A4B5-40AE-B705-743687F74770}.Release|x86.Build.0 = Release|x86
		{9DF3CAC5-0C31-49F0-A71E-27B9CEFC6553}.Debug|Any CPU.ActiveCfg = Debug|Any CPU
		{9DF3CAC5-0C31-49F0-A71E-27B9CEFC6553}.Debug|Any CPU.Build.0 = Debug|Any CPU
		{9DF3CAC5-0C31-49F0-A71E-27B9CEFC6553}.Debug|x64.ActiveCfg = Debug|x64
		{9DF3CAC5-0C31-49F0-A71E-27B9CEFC6553}.Debug|x64.Build.0 = Debug|x64
		{9DF3CAC5-0C31-49F0-A71E-27B9CEFC6553}.Debug|x86.ActiveCfg = Debug|Any CPU
		{9DF3CAC5-0C31-49F0-A71E-27B9CEFC6553}.Debug|x86.Build.0 = Debug|Any CPU
		{9DF3CAC5-0C31-49F0-A71E-27B9CEFC6553}.Debug-fast-test|Any CPU.ActiveCfg = Debug|Any CPU
		{9DF3CAC5-0C31-49F0-A71E-27B9CEFC6553}.Debug-fast-test|Any CPU.Build.0 = Debug|Any CPU
		{9DF3CAC5-0C31-49F0-A71E-27B9CEFC6553}.Debug-fast-test|x64.ActiveCfg = Debug|x64
		{9DF3CAC5-0C31-49F0-A71E-27B9CEFC6553}.Debug-fast-test|x64.Build.0 = Debug|x64
		{9DF3CAC5-0C31-49F0-A71E-27B9CEFC6553}.Debug-fast-test|x86.ActiveCfg = Debug|Any CPU
		{9DF3CAC5-0C31-49F0-A71E-27B9CEFC6553}.Debug-fast-test|x86.Build.0 = Debug|Any CPU
		{9DF3CAC5-0C31-49F0-A71E-27B9CEFC6553}.Release|Any CPU.ActiveCfg = Release|Any CPU
		{9DF3CAC5-0C31-49F0-A71E-27B9CEFC6553}.Release|Any CPU.Build.0 = Release|Any CPU
		{9DF3CAC5-0C31-49F0-A71E-27B9CEFC6553}.Release|x64.ActiveCfg = Release|x64
		{9DF3CAC5-0C31-49F0-A71E-27B9CEFC6553}.Release|x64.Build.0 = Release|x64
		{9DF3CAC5-0C31-49F0-A71E-27B9CEFC6553}.Release|x86.ActiveCfg = Release|Any CPU
		{9DF3CAC5-0C31-49F0-A71E-27B9CEFC6553}.Release|x86.Build.0 = Release|Any CPU
		{68EF34BF-36C9-4E33-9ACD-7B9D7B746F29}.Debug|Any CPU.ActiveCfg = Debug|Any CPU
		{68EF34BF-36C9-4E33-9ACD-7B9D7B746F29}.Debug|Any CPU.Build.0 = Debug|Any CPU
		{68EF34BF-36C9-4E33-9ACD-7B9D7B746F29}.Debug|x64.ActiveCfg = Debug|Any CPU
		{68EF34BF-36C9-4E33-9ACD-7B9D7B746F29}.Debug|x64.Build.0 = Debug|Any CPU
		{68EF34BF-36C9-4E33-9ACD-7B9D7B746F29}.Debug|x86.ActiveCfg = Debug|Any CPU
		{68EF34BF-36C9-4E33-9ACD-7B9D7B746F29}.Debug|x86.Build.0 = Debug|Any CPU
		{68EF34BF-36C9-4E33-9ACD-7B9D7B746F29}.Debug-fast-test|Any CPU.ActiveCfg = Debug-fast-test|Any CPU
		{68EF34BF-36C9-4E33-9ACD-7B9D7B746F29}.Debug-fast-test|Any CPU.Build.0 = Debug-fast-test|Any CPU
		{68EF34BF-36C9-4E33-9ACD-7B9D7B746F29}.Debug-fast-test|x64.ActiveCfg = Debug-fast-test|Any CPU
		{68EF34BF-36C9-4E33-9ACD-7B9D7B746F29}.Debug-fast-test|x64.Build.0 = Debug-fast-test|Any CPU
		{68EF34BF-36C9-4E33-9ACD-7B9D7B746F29}.Debug-fast-test|x86.ActiveCfg = Debug-fast-test|Any CPU
		{68EF34BF-36C9-4E33-9ACD-7B9D7B746F29}.Debug-fast-test|x86.Build.0 = Debug-fast-test|Any CPU
		{68EF34BF-36C9-4E33-9ACD-7B9D7B746F29}.Release|Any CPU.ActiveCfg = Release|Any CPU
		{68EF34BF-36C9-4E33-9ACD-7B9D7B746F29}.Release|Any CPU.Build.0 = Release|Any CPU
		{68EF34BF-36C9-4E33-9ACD-7B9D7B746F29}.Release|x64.ActiveCfg = Release|Any CPU
		{68EF34BF-36C9-4E33-9ACD-7B9D7B746F29}.Release|x64.Build.0 = Release|Any CPU
		{68EF34BF-36C9-4E33-9ACD-7B9D7B746F29}.Release|x86.ActiveCfg = Release|Any CPU
		{68EF34BF-36C9-4E33-9ACD-7B9D7B746F29}.Release|x86.Build.0 = Release|Any CPU
		{61A5E2CE-2404-4D16-A5BD-CD839DA38314}.Debug|Any CPU.ActiveCfg = Debug|Any CPU
		{61A5E2CE-2404-4D16-A5BD-CD839DA38314}.Debug|Any CPU.Build.0 = Debug|Any CPU
		{61A5E2CE-2404-4D16-A5BD-CD839DA38314}.Debug|x64.ActiveCfg = Debug|Any CPU
		{61A5E2CE-2404-4D16-A5BD-CD839DA38314}.Debug|x64.Build.0 = Debug|Any CPU
		{61A5E2CE-2404-4D16-A5BD-CD839DA38314}.Debug|x86.ActiveCfg = Debug|Any CPU
		{61A5E2CE-2404-4D16-A5BD-CD839DA38314}.Debug|x86.Build.0 = Debug|Any CPU
		{61A5E2CE-2404-4D16-A5BD-CD839DA38314}.Debug-fast-test|Any CPU.ActiveCfg = Debug|Any CPU
		{61A5E2CE-2404-4D16-A5BD-CD839DA38314}.Debug-fast-test|Any CPU.Build.0 = Debug|Any CPU
		{61A5E2CE-2404-4D16-A5BD-CD839DA38314}.Debug-fast-test|x64.ActiveCfg = Debug|Any CPU
		{61A5E2CE-2404-4D16-A5BD-CD839DA38314}.Debug-fast-test|x64.Build.0 = Debug|Any CPU
		{61A5E2CE-2404-4D16-A5BD-CD839DA38314}.Debug-fast-test|x86.ActiveCfg = Debug|Any CPU
		{61A5E2CE-2404-4D16-A5BD-CD839DA38314}.Debug-fast-test|x86.Build.0 = Debug|Any CPU
		{61A5E2CE-2404-4D16-A5BD-CD839DA38314}.Release|Any CPU.ActiveCfg = Release|Any CPU
		{61A5E2CE-2404-4D16-A5BD-CD839DA38314}.Release|Any CPU.Build.0 = Release|Any CPU
		{61A5E2CE-2404-4D16-A5BD-CD839DA38314}.Release|x64.ActiveCfg = Release|Any CPU
		{61A5E2CE-2404-4D16-A5BD-CD839DA38314}.Release|x64.Build.0 = Release|Any CPU
		{61A5E2CE-2404-4D16-A5BD-CD839DA38314}.Release|x86.ActiveCfg = Release|Any CPU
		{61A5E2CE-2404-4D16-A5BD-CD839DA38314}.Release|x86.Build.0 = Release|Any CPU
		{9C42C9B5-331E-4EC5-B47F-AE9DA1C89AD6}.Debug|Any CPU.ActiveCfg = Debug|Any CPU
		{9C42C9B5-331E-4EC5-B47F-AE9DA1C89AD6}.Debug|Any CPU.Build.0 = Debug|Any CPU
		{9C42C9B5-331E-4EC5-B47F-AE9DA1C89AD6}.Debug|x64.ActiveCfg = Debug|Any CPU
		{9C42C9B5-331E-4EC5-B47F-AE9DA1C89AD6}.Debug|x64.Build.0 = Debug|Any CPU
		{9C42C9B5-331E-4EC5-B47F-AE9DA1C89AD6}.Debug|x86.ActiveCfg = Debug|x86
		{9C42C9B5-331E-4EC5-B47F-AE9DA1C89AD6}.Debug|x86.Build.0 = Debug|x86
		{9C42C9B5-331E-4EC5-B47F-AE9DA1C89AD6}.Debug-fast-test|Any CPU.ActiveCfg = Debug|Any CPU
		{9C42C9B5-331E-4EC5-B47F-AE9DA1C89AD6}.Debug-fast-test|Any CPU.Build.0 = Debug|Any CPU
		{9C42C9B5-331E-4EC5-B47F-AE9DA1C89AD6}.Debug-fast-test|x64.ActiveCfg = Debug|Any CPU
		{9C42C9B5-331E-4EC5-B47F-AE9DA1C89AD6}.Debug-fast-test|x64.Build.0 = Debug|Any CPU
		{9C42C9B5-331E-4EC5-B47F-AE9DA1C89AD6}.Debug-fast-test|x86.ActiveCfg = Debug|x86
		{9C42C9B5-331E-4EC5-B47F-AE9DA1C89AD6}.Debug-fast-test|x86.Build.0 = Debug|x86
		{9C42C9B5-331E-4EC5-B47F-AE9DA1C89AD6}.Release|Any CPU.ActiveCfg = Release|Any CPU
		{9C42C9B5-331E-4EC5-B47F-AE9DA1C89AD6}.Release|Any CPU.Build.0 = Release|Any CPU
		{9C42C9B5-331E-4EC5-B47F-AE9DA1C89AD6}.Release|x64.ActiveCfg = Release|Any CPU
		{9C42C9B5-331E-4EC5-B47F-AE9DA1C89AD6}.Release|x64.Build.0 = Release|Any CPU
		{9C42C9B5-331E-4EC5-B47F-AE9DA1C89AD6}.Release|x86.ActiveCfg = Release|x86
		{9C42C9B5-331E-4EC5-B47F-AE9DA1C89AD6}.Release|x86.Build.0 = Release|x86
		{329C90F0-DB16-4D2A-A848-8AF27FD4F1AC}.Debug|Any CPU.ActiveCfg = Debug|x86
		{329C90F0-DB16-4D2A-A848-8AF27FD4F1AC}.Debug|Any CPU.Build.0 = Debug|x86
		{329C90F0-DB16-4D2A-A848-8AF27FD4F1AC}.Debug|x64.ActiveCfg = Debug|x86
		{329C90F0-DB16-4D2A-A848-8AF27FD4F1AC}.Debug|x86.ActiveCfg = Debug|x86
		{329C90F0-DB16-4D2A-A848-8AF27FD4F1AC}.Debug|x86.Build.0 = Debug|x86
		{329C90F0-DB16-4D2A-A848-8AF27FD4F1AC}.Debug-fast-test|Any CPU.ActiveCfg = Release|x86
		{329C90F0-DB16-4D2A-A848-8AF27FD4F1AC}.Debug-fast-test|Any CPU.Build.0 = Release|x86
		{329C90F0-DB16-4D2A-A848-8AF27FD4F1AC}.Debug-fast-test|x64.ActiveCfg = Release|x86
		{329C90F0-DB16-4D2A-A848-8AF27FD4F1AC}.Debug-fast-test|x64.Build.0 = Release|x86
		{329C90F0-DB16-4D2A-A848-8AF27FD4F1AC}.Debug-fast-test|x86.ActiveCfg = Debug|x86
		{329C90F0-DB16-4D2A-A848-8AF27FD4F1AC}.Debug-fast-test|x86.Build.0 = Debug|x86
		{329C90F0-DB16-4D2A-A848-8AF27FD4F1AC}.Release|Any CPU.ActiveCfg = Release|x86
		{329C90F0-DB16-4D2A-A848-8AF27FD4F1AC}.Release|x64.ActiveCfg = Release|x86
		{329C90F0-DB16-4D2A-A848-8AF27FD4F1AC}.Release|x86.ActiveCfg = Release|x86
		{329C90F0-DB16-4D2A-A848-8AF27FD4F1AC}.Release|x86.Build.0 = Release|x86
	EndGlobalSection
	GlobalSection(SolutionProperties) = preSolution
		HideSolutionNode = FALSE
	EndGlobalSection
	GlobalSection(NestedProjects) = preSolution
		{AE5B9281-E0E6-40FC-8E3D-1DB2BCF37722} = {AF52F482-AE4C-41EE-9C42-7637D6ABC3C9}
		{64F2FD12-13C6-46FB-A2B9-1D28FB07CC21} = {AF52F482-AE4C-41EE-9C42-7637D6ABC3C9}
		{0EA74034-2086-441A-B971-F52EFD23F5F8} = {AF52F482-AE4C-41EE-9C42-7637D6ABC3C9}
		{3DEBDD7B-B004-4ADB-BDF8-58D6D65B8E57} = {AF52F482-AE4C-41EE-9C42-7637D6ABC3C9}
		{BCF71ABB-FB1E-4D33-A488-5DDBA68DFA60} = {AF52F482-AE4C-41EE-9C42-7637D6ABC3C9}
		{57D13829-2736-45FC-B2F0-BFC8C44B28BA} = {AF52F482-AE4C-41EE-9C42-7637D6ABC3C9}
		{723CF4EC-43A6-4FD4-A3BE-445685E32D09} = {AF52F482-AE4C-41EE-9C42-7637D6ABC3C9}
		{36042B7B-7228-43F7-B59F-1613176A1F81} = {AF52F482-AE4C-41EE-9C42-7637D6ABC3C9}
		{58B455F8-B8D4-41A5-90B4-A7D167ABC08C} = {AF52F482-AE4C-41EE-9C42-7637D6ABC3C9}
		{CBB97B17-2F67-417E-9EFA-95751A785BA2} = {AF52F482-AE4C-41EE-9C42-7637D6ABC3C9}
		{9A02CA78-3A5D-42F4-8B1E-1B7A10D47F66} = {AF52F482-AE4C-41EE-9C42-7637D6ABC3C9}
		{33E27CC8-7FE6-4936-B57F-57298532F175} = {AF52F482-AE4C-41EE-9C42-7637D6ABC3C9}
		{61A5E2CE-2404-4D16-A5BD-CD839DA38314} = {AF52F482-AE4C-41EE-9C42-7637D6ABC3C9}
		{329C90F0-DB16-4D2A-A848-8AF27FD4F1AC} = {780C5D98-B099-4BDB-BDB4-9B417EC8F731}
	EndGlobalSection
	GlobalSection(ExtensibilityGlobals) = postSolution
		SolutionGuid = {07AA924D-BF78-434F-AFBA-BF57AABD0EF4}
	EndGlobalSection
EndGlobal
