
Microsoft Visual Studio Solution File, Format Version 12.00
# Visual Studio Version 16
VisualStudioVersion = 16.0.30114.105
MinimumVisualStudioVersion = 10.0.40219.1
Project("{FAE04EC0-301F-11D3-BF4B-00C04F79EFBC}") = "DominatorHouse", "DominatorHouse\DominatorHouse.csproj", "{C7B598E7-4B31-4A92-9B53-022A25E50002}"
EndProject
Project("{FAE04EC0-301F-11D3-BF4B-00C04F79EFBC}") = "DominatorHouseCore", "DominatorHouseCore\DominatorHouseCore.csproj", "{F40A5C83-8EDA-43C5-88B9-DFAAB492A497}"
EndProject
Project("{FAE04EC0-301F-11D3-BF4B-00C04F79EFBC}") = "EmbeddedBrowser", "EmbeddedBrowser\EmbeddedBrowser.csproj", "{21F00635-AAF7-466B-9214-A830EA9C8963}"
EndProject
Project("{FAE04EC0-301F-11D3-BF4B-00C04F79EFBC}") = "DominatorUIUtility", "DominatorUIUtility\DominatorUIUtility.csproj", "{E8D95AF0-E99B-4059-9140-5C02B3F52E06}"
EndProject
Project("{FAE04EC0-301F-11D3-BF4B-00C04F79EFBC}") = "LinkedDominatorCore", "..\linkeddominator-library\LinkedDominatorCore\LinkedDominatorCore.csproj", "{9DF3CAC5-0C31-49F0-A71E-27B9CEFC6553}"
EndProject
Project("{FAE04EC0-301F-11D3-BF4B-00C04F79EFBC}") = "LinkedDominatorUI", "..\linkeddominator-library\LinkedDominatorUI\LinkedDominatorUI.csproj", "{8A858CD7-7834-4365-8F4D-4FAA0361DE7F}"
EndProject
Project("{2150E333-8FDC-42A3-9474-1A3956D46DE8}") = "Tests", "Tests", "{4C32F6EE-9036-42DB-9157-43986E4233D2}"
EndProject
Project("{FAE04EC0-301F-11D3-BF4B-00C04F79EFBC}") = "DominatorHouseCore.UnitTests", "Tests\DominatorHouseCore.UnitTests\DominatorHouseCore.UnitTests.csproj", "{AE5B9281-E0E6-40FC-8E3D-1DB2BCF37722}"
EndProject
Project("{FAE04EC0-301F-11D3-BF4B-00C04F79EFBC}") = "DominatorHouseCore.IntegrationTests", "Tests\DominatorHouseCore.IntegrationTests\DominatorHouseCore.IntegrationTests.csproj", "{64F2FD12-13C6-46FB-A2B9-1D28FB07CC21}"
EndProject
Project("{FAE04EC0-301F-11D3-BF4B-00C04F79EFBC}") = "FaceDominatorCore.UnitTests", "..\facedominator-library\FaceDominatorCore.UnitTests\FaceDominatorCore.UnitTests.csproj", "{723CF4EC-43A6-4FD4-A3BE-445685E32D09}"
EndProject
Project("{FAE04EC0-301F-11D3-BF4B-00C04F79EFBC}") = "GplusDominatorCore.UnitTests", "..\gplusdominator-library\GplusDominatorCore.UnitTests\GplusDominatorCore.UnitTests.csproj", "{36042B7B-7228-43F7-B59F-1613176A1F81}"
EndProject
Project("{FAE04EC0-301F-11D3-BF4B-00C04F79EFBC}") = "GramDominatorCore.UnitTests", "..\gramdominator-library\GramDominatorCore.UnitTests\GramDominatorCore.UnitTests.csproj", "{58B455F8-B8D4-41A5-90B4-A7D167ABC08C}"
EndProject
Project("{FAE04EC0-301F-11D3-BF4B-00C04F79EFBC}") = "PinDominatorCore.UnitTests", "..\pindominator-library\PinDominatorCore.UnitTests\PinDominatorCore.UnitTests.csproj", "{9A02CA78-3A5D-42F4-8B1E-1B7A10D47F66}"
EndProject
Project("{FAE04EC0-301F-11D3-BF4B-00C04F79EFBC}") = "LinkedDominatorCore.UnitTests", "..\linkeddominator-library\LinkedDominatorCore.UnitTests\LinkedDominatorCore.UnitTests.csproj", "{CBB97B17-2F67-417E-9EFA-95751A785BA2}"
EndProject
Project("{FAE04EC0-301F-11D3-BF4B-00C04F79EFBC}") = "RedditDominatorCore.UnitTests", "..\reddit-dominator-library\RedditDominatorCore.UnitTests\RedditDominatorCore.UnitTests.csproj", "{BCF71ABB-FB1E-4D33-A488-5DDBA68DFA60}"
EndProject
Project("{FAE04EC0-301F-11D3-BF4B-00C04F79EFBC}") = "TumblrDominatorCore.UnitTests", "..\tumblrdominator-library\TumblrDominatorCore.UnitTests\TumblrDominatorCore.UnitTests.csproj", "{33E27CC8-7FE6-4936-B57F-57298532F175}"
EndProject
Project("{FAE04EC0-301F-11D3-BF4B-00C04F79EFBC}") = "Dominator.Tests.Utils", "Tests\Dominator.Tests.Utils\Dominator.Tests.Utils.csproj", "{3DEBDD7B-B004-4ADB-BDF8-58D6D65B8E57}"
EndProject
Project("{FAE04EC0-301F-11D3-BF4B-00C04F79EFBC}") = "TwtDominatorCore.UnitTests", "..\twtdominator-library\Tests\TwtDominatorCore.UnitTests\TwtDominatorCore.UnitTests.csproj", "{0EA74034-2086-441A-B971-F52EFD23F5F8}"
EndProject
Project("{FAE04EC0-301F-11D3-BF4B-00C04F79EFBC}") = "QuoraDominatorCore.UnitTests", "..\quoradominator-library\QuoraDominatorCore.UnitTests\QuoraDominatorCore.UnitTests.csproj", "{57D13829-2736-45FC-B2F0-BFC8C44B28BA}"
EndProject
Project("{FAE04EC0-301F-11D3-BF4B-00C04F79EFBC}") = "YoutubeDominatorCore.UnitTests", "..\youtubedominator-library\YoutubeDominatorCore.UnitTests\YoutubeDominatorCore.UnitTests.csproj", "{61A5E2CE-2404-4D16-A5BD-CD839DA38314}"
EndProject
Project("{2150E333-8FDC-42A3-9474-1A3956D46DE8}") = "Deployment", "Deployment", "{680B3E48-8A7D-4AED-B504-CDC22E56ED20}"
EndProject
Project("{930C7802-8A8C-48F9-8165-68863BCCD9DD}") = "Socinator.Deployment", "Deployment\Socinator.Deployment\Socinator.Deployment.wixproj", "{BF7C1B82-9A26-42D5-AB92-9B63884F50F2}"
EndProject
Project("{FAE04EC0-301F-11D3-BF4B-00C04F79EFBC}") = "TwtDominatorCore.IntegrationTests", "..\twtdominator-library\Tests\TwtDominatorCore.IntegrationTests\TwtDominatorCore.IntegrationTests.csproj", "{D30735DA-1A69-430C-96DA-CD6EA2BB7415}"
EndProject
Project("{FAE04EC0-301F-11D3-BF4B-00C04F79EFBC}") = "RedditDominatorCore.IntegrationTests", "..\reddit-dominator-library\Tests\RedditDominatorCore.IntegrationTests\RedditDominatorCore.IntegrationTests.csproj", "{B431F1E4-CC2C-41F5-8D8A-17F05F92043F}"
EndProject
Project("{54435603-DBB4-11D2-8724-00A0C9A8B90C}") = "SocinatorNew", "SocinatorNew\SocinatorNew.vdproj", "{40412489-898A-474A-93C9-554242BC3ABF}"
EndProject
Project("{FAE04EC0-301F-11D3-BF4B-00C04F79EFBC}") = "DominatorUIUtility.Tests", "Tests\DominatorUIUtility.Tests\DominatorUIUtility.Tests.csproj", "{79BE5191-22A0-479A-9BE5-933FCD3C3A4F}"
EndProject
Global
	GlobalSection(SolutionConfigurationPlatforms) = preSolution
		Debug|Any CPU = Debug|Any CPU
		Debug|x64 = Debug|x64
		Debug|x86 = Debug|x86
		Debug-fast-test|Any CPU = Debug-fast-test|Any CPU
		Debug-fast-test|x64 = Debug-fast-test|x64
		Debug-fast-test|x86 = Debug-fast-test|x86
		Release|Any CPU = Release|Any CPU
		Release|x64 = Release|x64
		Release|x86 = Release|x86
	EndGlobalSection
	GlobalSection(ProjectConfigurationPlatforms) = postSolution
		{C7B598E7-4B31-4A92-9B53-022A25E50002}.Debug|Any CPU.ActiveCfg = Debug|Any CPU
		{C7B598E7-4B31-4A92-9B53-022A25E50002}.Debug|Any CPU.Build.0 = Debug|Any CPU
		{C7B598E7-4B31-4A92-9B53-022A25E50002}.Debug|x64.ActiveCfg = Debug|Any CPU
		{C7B598E7-4B31-4A92-9B53-022A25E50002}.Debug|x64.Build.0 = Debug|Any CPU
		{C7B598E7-4B31-4A92-9B53-022A25E50002}.Debug|x86.ActiveCfg = Debug|x86
		{C7B598E7-4B31-4A92-9B53-022A25E50002}.Debug|x86.Build.0 = Debug|x86
		{C7B598E7-4B31-4A92-9B53-022A25E50002}.Debug-fast-test|Any CPU.ActiveCfg = Debug-fast-test|Any CPU
		{C7B598E7-4B31-4A92-9B53-022A25E50002}.Debug-fast-test|Any CPU.Build.0 = Debug-fast-test|Any CPU
		{C7B598E7-4B31-4A92-9B53-022A25E50002}.Debug-fast-test|x64.ActiveCfg = Debug-fast-test|Any CPU
		{C7B598E7-4B31-4A92-9B53-022A25E50002}.Debug-fast-test|x64.Build.0 = Debug-fast-test|Any CPU
		{C7B598E7-4B31-4A92-9B53-022A25E50002}.Debug-fast-test|x86.ActiveCfg = Debug-fast-test|x86
		{C7B598E7-4B31-4A92-9B53-022A25E50002}.Debug-fast-test|x86.Build.0 = Debug-fast-test|x86
		{C7B598E7-4B31-4A92-9B53-022A25E50002}.Release|Any CPU.ActiveCfg = Release|Any CPU
		{C7B598E7-4B31-4A92-9B53-022A25E50002}.Release|Any CPU.Build.0 = Release|Any CPU
		{C7B598E7-4B31-4A92-9B53-022A25E50002}.Release|x64.ActiveCfg = Release|Any CPU
		{C7B598E7-4B31-4A92-9B53-022A25E50002}.Release|x64.Build.0 = Release|Any CPU
		{C7B598E7-4B31-4A92-9B53-022A25E50002}.Release|x86.ActiveCfg = Release|x86
		{C7B598E7-4B31-4A92-9B53-022A25E50002}.Release|x86.Build.0 = Release|x86
		{F40A5C83-8EDA-43C5-88B9-DFAAB492A497}.Debug|Any CPU.ActiveCfg = Debug|Any CPU
		{F40A5C83-8EDA-43C5-88B9-DFAAB492A497}.Debug|Any CPU.Build.0 = Debug|Any CPU
		{F40A5C83-8EDA-43C5-88B9-DFAAB492A497}.Debug|x64.ActiveCfg = Debug|Any CPU
		{F40A5C83-8EDA-43C5-88B9-DFAAB492A497}.Debug|x64.Build.0 = Debug|Any CPU
		{F40A5C83-8EDA-43C5-88B9-DFAAB492A497}.Debug|x86.ActiveCfg = Debug|x86
		{F40A5C83-8EDA-43C5-88B9-DFAAB492A497}.Debug|x86.Build.0 = Debug|x86
		{F40A5C83-8EDA-43C5-88B9-DFAAB492A497}.Debug-fast-test|Any CPU.ActiveCfg = Debug-fast-test|Any CPU
		{F40A5C83-8EDA-43C5-88B9-DFAAB492A497}.Debug-fast-test|Any CPU.Build.0 = Debug-fast-test|Any CPU
		{F40A5C83-8EDA-43C5-88B9-DFAAB492A497}.Debug-fast-test|x64.ActiveCfg = Debug-fast-test|Any CPU
		{F40A5C83-8EDA-43C5-88B9-DFAAB492A497}.Debug-fast-test|x64.Build.0 = Debug-fast-test|Any CPU
		{F40A5C83-8EDA-43C5-88B9-DFAAB492A497}.Debug-fast-test|x86.ActiveCfg = Debug-fast-test|x86
		{F40A5C83-8EDA-43C5-88B9-DFAAB492A497}.Debug-fast-test|x86.Build.0 = Debug-fast-test|x86
		{F40A5C83-8EDA-43C5-88B9-DFAAB492A497}.Release|Any CPU.ActiveCfg = Release|Any CPU
		{F40A5C83-8EDA-43C5-88B9-DFAAB492A497}.Release|Any CPU.Build.0 = Release|Any CPU
		{F40A5C83-8EDA-43C5-88B9-DFAAB492A497}.Release|x64.ActiveCfg = Release|Any CPU
		{F40A5C83-8EDA-43C5-88B9-DFAAB492A497}.Release|x64.Build.0 = Release|Any CPU
		{F40A5C83-8EDA-43C5-88B9-DFAAB492A497}.Release|x86.ActiveCfg = Release|x86
		{F40A5C83-8EDA-43C5-88B9-DFAAB492A497}.Release|x86.Build.0 = Release|x86
		{21F00635-AAF7-466B-9214-A830EA9C8963}.Debug|Any CPU.ActiveCfg = Debug|Any CPU
		{21F00635-AAF7-466B-9214-A830EA9C8963}.Debug|Any CPU.Build.0 = Debug|Any CPU
		{21F00635-AAF7-466B-9214-A830EA9C8963}.Debug|x64.ActiveCfg = Debug|x64
		{21F00635-AAF7-466B-9214-A830EA9C8963}.Debug|x64.Build.0 = Debug|x64
		{21F00635-AAF7-466B-9214-A830EA9C8963}.Debug|x86.ActiveCfg = Debug|Any CPU
		{21F00635-AAF7-466B-9214-A830EA9C8963}.Debug|x86.Build.0 = Debug|Any CPU
		{21F00635-AAF7-466B-9214-A830EA9C8963}.Debug-fast-test|Any CPU.ActiveCfg = Debug|Any CPU
		{21F00635-AAF7-466B-9214-A830EA9C8963}.Debug-fast-test|Any CPU.Build.0 = Debug|Any CPU
		{21F00635-AAF7-466B-9214-A830EA9C8963}.Debug-fast-test|x64.ActiveCfg = Debug|x64
		{21F00635-AAF7-466B-9214-A830EA9C8963}.Debug-fast-test|x64.Build.0 = Debug|x64
		{21F00635-AAF7-466B-9214-A830EA9C8963}.Debug-fast-test|x86.ActiveCfg = Debug|Any CPU
		{21F00635-AAF7-466B-9214-A830EA9C8963}.Debug-fast-test|x86.Build.0 = Debug|Any CPU
		{21F00635-AAF7-466B-9214-A830EA9C8963}.Release|Any CPU.ActiveCfg = Release|Any CPU
		{21F00635-AAF7-466B-9214-A830EA9C8963}.Release|Any CPU.Build.0 = Release|Any CPU
		{21F00635-AAF7-466B-9214-A830EA9C8963}.Release|x64.ActiveCfg = Release|x64
		{21F00635-AAF7-466B-9214-A830EA9C8963}.Release|x64.Build.0 = Release|x64
		{21F00635-AAF7-466B-9214-A830EA9C8963}.Release|x86.ActiveCfg = Release|Any CPU
		{21F00635-AAF7-466B-9214-A830EA9C8963}.Release|x86.Build.0 = Release|Any CPU
		{E8D95AF0-E99B-4059-9140-5C02B3F52E06}.Debug|Any CPU.ActiveCfg = Debug|Any CPU
		{E8D95AF0-E99B-4059-9140-5C02B3F52E06}.Debug|Any CPU.Build.0 = Debug|Any CPU
		{E8D95AF0-E99B-4059-9140-5C02B3F52E06}.Debug|x64.ActiveCfg = Debug|Any CPU
		{E8D95AF0-E99B-4059-9140-5C02B3F52E06}.Debug|x64.Build.0 = Debug|Any CPU
		{E8D95AF0-E99B-4059-9140-5C02B3F52E06}.Debug|x86.ActiveCfg = Debug|x86
		{E8D95AF0-E99B-4059-9140-5C02B3F52E06}.Debug|x86.Build.0 = Debug|x86
		{E8D95AF0-E99B-4059-9140-5C02B3F52E06}.Debug-fast-test|Any CPU.ActiveCfg = Debug-fast-test|Any CPU
		{E8D95AF0-E99B-4059-9140-5C02B3F52E06}.Debug-fast-test|Any CPU.Build.0 = Debug-fast-test|Any CPU
		{E8D95AF0-E99B-4059-9140-5C02B3F52E06}.Debug-fast-test|x64.ActiveCfg = Debug-fast-test|Any CPU
		{E8D95AF0-E99B-4059-9140-5C02B3F52E06}.Debug-fast-test|x64.Build.0 = Debug-fast-test|Any CPU
		{E8D95AF0-E99B-4059-9140-5C02B3F52E06}.Debug-fast-test|x86.ActiveCfg = Debug-fast-test|x86
		{E8D95AF0-E99B-4059-9140-5C02B3F52E06}.Debug-fast-test|x86.Build.0 = Debug-fast-test|x86
		{E8D95AF0-E99B-4059-9140-5C02B3F52E06}.Release|Any CPU.ActiveCfg = Release|Any CPU
		{E8D95AF0-E99B-4059-9140-5C02B3F52E06}.Release|Any CPU.Build.0 = Release|Any CPU
		{E8D95AF0-E99B-4059-9140-5C02B3F52E06}.Release|x64.ActiveCfg = Release|Any CPU
		{E8D95AF0-E99B-4059-9140-5C02B3F52E06}.Release|x64.Build.0 = Release|Any CPU
		{E8D95AF0-E99B-4059-9140-5C02B3F52E06}.Release|x86.ActiveCfg = Release|x86
		{E8D95AF0-E99B-4059-9140-5C02B3F52E06}.Release|x86.Build.0 = Release|x86
		{9DF3CAC5-0C31-49F0-A71E-27B9CEFC6553}.Debug|Any CPU.ActiveCfg = Debug|Any CPU
		{9DF3CAC5-0C31-49F0-A71E-27B9CEFC6553}.Debug|Any CPU.Build.0 = Debug|Any CPU
		{9DF3CAC5-0C31-49F0-A71E-27B9CEFC6553}.Debug|x64.ActiveCfg = Debug|Any CPU
		{9DF3CAC5-0C31-49F0-A71E-27B9CEFC6553}.Debug|x64.Build.0 = Debug|Any CPU
		{9DF3CAC5-0C31-49F0-A71E-27B9CEFC6553}.Debug|x86.ActiveCfg = Debug|Any CPU
		{9DF3CAC5-0C31-49F0-A71E-27B9CEFC6553}.Debug|x86.Build.0 = Debug|Any CPU
		{9DF3CAC5-0C31-49F0-A71E-27B9CEFC6553}.Debug-fast-test|Any CPU.ActiveCfg = Debug|Any CPU
		{9DF3CAC5-0C31-49F0-A71E-27B9CEFC6553}.Debug-fast-test|Any CPU.Build.0 = Debug|Any CPU
		{9DF3CAC5-0C31-49F0-A71E-27B9CEFC6553}.Debug-fast-test|x64.ActiveCfg = Debug|Any CPU
		{9DF3CAC5-0C31-49F0-A71E-27B9CEFC6553}.Debug-fast-test|x64.Build.0 = Debug|Any CPU
		{9DF3CAC5-0C31-49F0-A71E-27B9CEFC6553}.Debug-fast-test|x86.ActiveCfg = Debug|Any CPU
		{9DF3CAC5-0C31-49F0-A71E-27B9CEFC6553}.Debug-fast-test|x86.Build.0 = Debug|Any CPU
		{9DF3CAC5-0C31-49F0-A71E-27B9CEFC6553}.Release|Any CPU.ActiveCfg = Release|Any CPU
		{9DF3CAC5-0C31-49F0-A71E-27B9CEFC6553}.Release|Any CPU.Build.0 = Release|Any CPU
		{9DF3CAC5-0C31-49F0-A71E-27B9CEFC6553}.Release|x64.ActiveCfg = Release|Any CPU
		{9DF3CAC5-0C31-49F0-A71E-27B9CEFC6553}.Release|x64.Build.0 = Release|Any CPU
		{9DF3CAC5-0C31-49F0-A71E-27B9CEFC6553}.Release|x86.ActiveCfg = Release|Any CPU
		{9DF3CAC5-0C31-49F0-A71E-27B9CEFC6553}.Release|x86.Build.0 = Release|Any CPU
		{8A858CD7-7834-4365-8F4D-4FAA0361DE7F}.Debug|Any CPU.ActiveCfg = Debug|Any CPU
		{8A858CD7-7834-4365-8F4D-4FAA0361DE7F}.Debug|Any CPU.Build.0 = Debug|Any CPU
		{8A858CD7-7834-4365-8F4D-4FAA0361DE7F}.Debug|x64.ActiveCfg = Debug|Any CPU
		{8A858CD7-7834-4365-8F4D-4FAA0361DE7F}.Debug|x64.Build.0 = Debug|Any CPU
		{8A858CD7-7834-4365-8F4D-4FAA0361DE7F}.Debug|x86.ActiveCfg = Debug|Any CPU
		{8A858CD7-7834-4365-8F4D-4FAA0361DE7F}.Debug|x86.Build.0 = Debug|Any CPU
		{8A858CD7-7834-4365-8F4D-4FAA0361DE7F}.Debug-fast-test|Any CPU.ActiveCfg = Debug|Any CPU
		{8A858CD7-7834-4365-8F4D-4FAA0361DE7F}.Debug-fast-test|Any CPU.Build.0 = Debug|Any CPU
		{8A858CD7-7834-4365-8F4D-4FAA0361DE7F}.Debug-fast-test|x64.ActiveCfg = Debug|Any CPU
		{8A858CD7-7834-4365-8F4D-4FAA0361DE7F}.Debug-fast-test|x64.Build.0 = Debug|Any CPU
		{8A858CD7-7834-4365-8F4D-4FAA0361DE7F}.Debug-fast-test|x86.ActiveCfg = Debug|Any CPU
		{8A858CD7-7834-4365-8F4D-4FAA0361DE7F}.Debug-fast-test|x86.Build.0 = Debug|Any CPU
		{8A858CD7-7834-4365-8F4D-4FAA0361DE7F}.Release|Any CPU.ActiveCfg = Release|Any CPU
		{8A858CD7-7834-4365-8F4D-4FAA0361DE7F}.Release|Any CPU.Build.0 = Release|Any CPU
		{8A858CD7-7834-4365-8F4D-4FAA0361DE7F}.Release|x64.ActiveCfg = Release|Any CPU
		{8A858CD7-7834-4365-8F4D-4FAA0361DE7F}.Release|x64.Build.0 = Release|Any CPU
		{8A858CD7-7834-4365-8F4D-4FAA0361DE7F}.Release|x86.ActiveCfg = Release|Any CPU
		{8A858CD7-7834-4365-8F4D-4FAA0361DE7F}.Release|x86.Build.0 = Release|Any CPU
		{AE5B9281-E0E6-40FC-8E3D-1DB2BCF37722}.Debug|Any CPU.ActiveCfg = Debug|Any CPU
		{AE5B9281-E0E6-40FC-8E3D-1DB2BCF37722}.Debug|Any CPU.Build.0 = Debug|Any CPU
		{AE5B9281-E0E6-40FC-8E3D-1DB2BCF37722}.Debug|x64.ActiveCfg = Debug|Any CPU
		{AE5B9281-E0E6-40FC-8E3D-1DB2BCF37722}.Debug|x64.Build.0 = Debug|Any CPU
		{AE5B9281-E0E6-40FC-8E3D-1DB2BCF37722}.Debug|x86.ActiveCfg = Debug|Any CPU
		{AE5B9281-E0E6-40FC-8E3D-1DB2BCF37722}.Debug|x86.Build.0 = Debug|Any CPU
		{AE5B9281-E0E6-40FC-8E3D-1DB2BCF37722}.Debug-fast-test|Any CPU.ActiveCfg = Debug|Any CPU
		{AE5B9281-E0E6-40FC-8E3D-1DB2BCF37722}.Debug-fast-test|Any CPU.Build.0 = Debug|Any CPU
		{AE5B9281-E0E6-40FC-8E3D-1DB2BCF37722}.Debug-fast-test|x64.ActiveCfg = Debug|Any CPU
		{AE5B9281-E0E6-40FC-8E3D-1DB2BCF37722}.Debug-fast-test|x64.Build.0 = Debug|Any CPU
		{AE5B9281-E0E6-40FC-8E3D-1DB2BCF37722}.Debug-fast-test|x86.ActiveCfg = Debug|Any CPU
		{AE5B9281-E0E6-40FC-8E3D-1DB2BCF37722}.Debug-fast-test|x86.Build.0 = Debug|Any CPU
		{AE5B9281-E0E6-40FC-8E3D-1DB2BCF37722}.Release|Any CPU.ActiveCfg = Release|Any CPU
		{AE5B9281-E0E6-40FC-8E3D-1DB2BCF37722}.Release|Any CPU.Build.0 = Release|Any CPU
		{AE5B9281-E0E6-40FC-8E3D-1DB2BCF37722}.Release|x64.ActiveCfg = Release|Any CPU
		{AE5B9281-E0E6-40FC-8E3D-1DB2BCF37722}.Release|x64.Build.0 = Release|Any CPU
		{AE5B9281-E0E6-40FC-8E3D-1DB2BCF37722}.Release|x86.ActiveCfg = Release|Any CPU
		{AE5B9281-E0E6-40FC-8E3D-1DB2BCF37722}.Release|x86.Build.0 = Release|Any CPU
		{64F2FD12-13C6-46FB-A2B9-1D28FB07CC21}.Debug|Any CPU.ActiveCfg = Debug|Any CPU
		{64F2FD12-13C6-46FB-A2B9-1D28FB07CC21}.Debug|Any CPU.Build.0 = Debug|Any CPU
		{64F2FD12-13C6-46FB-A2B9-1D28FB07CC21}.Debug|x64.ActiveCfg = Debug|Any CPU
		{64F2FD12-13C6-46FB-A2B9-1D28FB07CC21}.Debug|x64.Build.0 = Debug|Any CPU
		{64F2FD12-13C6-46FB-A2B9-1D28FB07CC21}.Debug|x86.ActiveCfg = Debug|Any CPU
		{64F2FD12-13C6-46FB-A2B9-1D28FB07CC21}.Debug|x86.Build.0 = Debug|Any CPU
		{64F2FD12-13C6-46FB-A2B9-1D28FB07CC21}.Debug-fast-test|Any CPU.ActiveCfg = Debug|Any CPU
		{64F2FD12-13C6-46FB-A2B9-1D28FB07CC21}.Debug-fast-test|Any CPU.Build.0 = Debug|Any CPU
		{64F2FD12-13C6-46FB-A2B9-1D28FB07CC21}.Debug-fast-test|x64.ActiveCfg = Debug|Any CPU
		{64F2FD12-13C6-46FB-A2B9-1D28FB07CC21}.Debug-fast-test|x64.Build.0 = Debug|Any CPU
		{64F2FD12-13C6-46FB-A2B9-1D28FB07CC21}.Debug-fast-test|x86.ActiveCfg = Debug|Any CPU
		{64F2FD12-13C6-46FB-A2B9-1D28FB07CC21}.Debug-fast-test|x86.Build.0 = Debug|Any CPU
		{64F2FD12-13C6-46FB-A2B9-1D28FB07CC21}.Release|Any CPU.ActiveCfg = Release|Any CPU
		{64F2FD12-13C6-46FB-A2B9-1D28FB07CC21}.Release|Any CPU.Build.0 = Release|Any CPU
		{64F2FD12-13C6-46FB-A2B9-1D28FB07CC21}.Release|x64.ActiveCfg = Release|Any CPU
		{64F2FD12-13C6-46FB-A2B9-1D28FB07CC21}.Release|x64.Build.0 = Release|Any CPU
		{64F2FD12-13C6-46FB-A2B9-1D28FB07CC21}.Release|x86.ActiveCfg = Release|Any CPU
		{64F2FD12-13C6-46FB-A2B9-1D28FB07CC21}.Release|x86.Build.0 = Release|Any CPU
		{723CF4EC-43A6-4FD4-A3BE-445685E32D09}.Debug|Any CPU.ActiveCfg = Debug|Any CPU
		{723CF4EC-43A6-4FD4-A3BE-445685E32D09}.Debug|Any CPU.Build.0 = Debug|Any CPU
		{723CF4EC-43A6-4FD4-A3BE-445685E32D09}.Debug|x64.ActiveCfg = Debug|Any CPU
		{723CF4EC-43A6-4FD4-A3BE-445685E32D09}.Debug|x64.Build.0 = Debug|Any CPU
		{723CF4EC-43A6-4FD4-A3BE-445685E32D09}.Debug|x86.ActiveCfg = Debug|Any CPU
		{723CF4EC-43A6-4FD4-A3BE-445685E32D09}.Debug|x86.Build.0 = Debug|Any CPU
		{723CF4EC-43A6-4FD4-A3BE-445685E32D09}.Debug-fast-test|Any CPU.ActiveCfg = Debug|Any CPU
		{723CF4EC-43A6-4FD4-A3BE-445685E32D09}.Debug-fast-test|Any CPU.Build.0 = Debug|Any CPU
		{723CF4EC-43A6-4FD4-A3BE-445685E32D09}.Debug-fast-test|x64.ActiveCfg = Debug|Any CPU
		{723CF4EC-43A6-4FD4-A3BE-445685E32D09}.Debug-fast-test|x64.Build.0 = Debug|Any CPU
		{723CF4EC-43A6-4FD4-A3BE-445685E32D09}.Debug-fast-test|x86.ActiveCfg = Debug|Any CPU
		{723CF4EC-43A6-4FD4-A3BE-445685E32D09}.Debug-fast-test|x86.Build.0 = Debug|Any CPU
		{723CF4EC-43A6-4FD4-A3BE-445685E32D09}.Release|Any CPU.ActiveCfg = Release|Any CPU
		{723CF4EC-43A6-4FD4-A3BE-445685E32D09}.Release|Any CPU.Build.0 = Release|Any CPU
		{723CF4EC-43A6-4FD4-A3BE-445685E32D09}.Release|x64.ActiveCfg = Release|Any CPU
		{723CF4EC-43A6-4FD4-A3BE-445685E32D09}.Release|x64.Build.0 = Release|Any CPU
		{723CF4EC-43A6-4FD4-A3BE-445685E32D09}.Release|x86.ActiveCfg = Release|Any CPU
		{723CF4EC-43A6-4FD4-A3BE-445685E32D09}.Release|x86.Build.0 = Release|Any CPU
		{36042B7B-7228-43F7-B59F-1613176A1F81}.Debug|Any CPU.ActiveCfg = Debug|Any CPU
		{36042B7B-7228-43F7-B59F-1613176A1F81}.Debug|Any CPU.Build.0 = Debug|Any CPU
		{36042B7B-7228-43F7-B59F-1613176A1F81}.Debug|x64.ActiveCfg = Debug|Any CPU
		{36042B7B-7228-43F7-B59F-1613176A1F81}.Debug|x64.Build.0 = Debug|Any CPU
		{36042B7B-7228-43F7-B59F-1613176A1F81}.Debug|x86.ActiveCfg = Debug|Any CPU
		{36042B7B-7228-43F7-B59F-1613176A1F81}.Debug|x86.Build.0 = Debug|Any CPU
		{36042B7B-7228-43F7-B59F-1613176A1F81}.Debug-fast-test|Any CPU.ActiveCfg = Debug|Any CPU
		{36042B7B-7228-43F7-B59F-1613176A1F81}.Debug-fast-test|Any CPU.Build.0 = Debug|Any CPU
		{36042B7B-7228-43F7-B59F-1613176A1F81}.Debug-fast-test|x64.ActiveCfg = Debug|Any CPU
		{36042B7B-7228-43F7-B59F-1613176A1F81}.Debug-fast-test|x64.Build.0 = Debug|Any CPU
		{36042B7B-7228-43F7-B59F-1613176A1F81}.Debug-fast-test|x86.ActiveCfg = Debug|Any CPU
		{36042B7B-7228-43F7-B59F-1613176A1F81}.Debug-fast-test|x86.Build.0 = Debug|Any CPU
		{36042B7B-7228-43F7-B59F-1613176A1F81}.Release|Any CPU.ActiveCfg = Release|Any CPU
		{36042B7B-7228-43F7-B59F-1613176A1F81}.Release|Any CPU.Build.0 = Release|Any CPU
		{36042B7B-7228-43F7-B59F-1613176A1F81}.Release|x64.ActiveCfg = Release|Any CPU
		{36042B7B-7228-43F7-B59F-1613176A1F81}.Release|x64.Build.0 = Release|Any CPU
		{36042B7B-7228-43F7-B59F-1613176A1F81}.Release|x86.ActiveCfg = Release|Any CPU
		{36042B7B-7228-43F7-B59F-1613176A1F81}.Release|x86.Build.0 = Release|Any CPU
		{58B455F8-B8D4-41A5-90B4-A7D167ABC08C}.Debug|Any CPU.ActiveCfg = Debug|Any CPU
		{58B455F8-B8D4-41A5-90B4-A7D167ABC08C}.Debug|Any CPU.Build.0 = Debug|Any CPU
		{58B455F8-B8D4-41A5-90B4-A7D167ABC08C}.Debug|x64.ActiveCfg = Debug|Any CPU
		{58B455F8-B8D4-41A5-90B4-A7D167ABC08C}.Debug|x64.Build.0 = Debug|Any CPU
		{58B455F8-B8D4-41A5-90B4-A7D167ABC08C}.Debug|x86.ActiveCfg = Debug|Any CPU
		{58B455F8-B8D4-41A5-90B4-A7D167ABC08C}.Debug|x86.Build.0 = Debug|Any CPU
		{58B455F8-B8D4-41A5-90B4-A7D167ABC08C}.Debug-fast-test|Any CPU.ActiveCfg = Debug|Any CPU
		{58B455F8-B8D4-41A5-90B4-A7D167ABC08C}.Debug-fast-test|Any CPU.Build.0 = Debug|Any CPU
		{58B455F8-B8D4-41A5-90B4-A7D167ABC08C}.Debug-fast-test|x64.ActiveCfg = Debug|Any CPU
		{58B455F8-B8D4-41A5-90B4-A7D167ABC08C}.Debug-fast-test|x64.Build.0 = Debug|Any CPU
		{58B455F8-B8D4-41A5-90B4-A7D167ABC08C}.Debug-fast-test|x86.ActiveCfg = Debug|Any CPU
		{58B455F8-B8D4-41A5-90B4-A7D167ABC08C}.Debug-fast-test|x86.Build.0 = Debug|Any CPU
		{58B455F8-B8D4-41A5-90B4-A7D167ABC08C}.Release|Any CPU.ActiveCfg = Release|Any CPU
		{58B455F8-B8D4-41A5-90B4-A7D167ABC08C}.Release|Any CPU.Build.0 = Release|Any CPU
		{58B455F8-B8D4-41A5-90B4-A7D167ABC08C}.Release|x64.ActiveCfg = Release|Any CPU
		{58B455F8-B8D4-41A5-90B4-A7D167ABC08C}.Release|x64.Build.0 = Release|Any CPU
		{58B455F8-B8D4-41A5-90B4-A7D167ABC08C}.Release|x86.ActiveCfg = Release|Any CPU
		{58B455F8-B8D4-41A5-90B4-A7D167ABC08C}.Release|x86.Build.0 = Release|Any CPU
		{9A02CA78-3A5D-42F4-8B1E-1B7A10D47F66}.Debug|Any CPU.ActiveCfg = Debug|Any CPU
		{9A02CA78-3A5D-42F4-8B1E-1B7A10D47F66}.Debug|Any CPU.Build.0 = Debug|Any CPU
		{9A02CA78-3A5D-42F4-8B1E-1B7A10D47F66}.Debug|x64.ActiveCfg = Debug|Any CPU
		{9A02CA78-3A5D-42F4-8B1E-1B7A10D47F66}.Debug|x64.Build.0 = Debug|Any CPU
		{9A02CA78-3A5D-42F4-8B1E-1B7A10D47F66}.Debug|x86.ActiveCfg = Debug|Any CPU
		{9A02CA78-3A5D-42F4-8B1E-1B7A10D47F66}.Debug|x86.Build.0 = Debug|Any CPU
		{9A02CA78-3A5D-42F4-8B1E-1B7A10D47F66}.Debug-fast-test|Any CPU.ActiveCfg = Debug|Any CPU
		{9A02CA78-3A5D-42F4-8B1E-1B7A10D47F66}.Debug-fast-test|Any CPU.Build.0 = Debug|Any CPU
		{9A02CA78-3A5D-42F4-8B1E-1B7A10D47F66}.Debug-fast-test|x64.ActiveCfg = Debug|Any CPU
		{9A02CA78-3A5D-42F4-8B1E-1B7A10D47F66}.Debug-fast-test|x64.Build.0 = Debug|Any CPU
		{9A02CA78-3A5D-42F4-8B1E-1B7A10D47F66}.Debug-fast-test|x86.ActiveCfg = Debug|Any CPU
		{9A02CA78-3A5D-42F4-8B1E-1B7A10D47F66}.Debug-fast-test|x86.Build.0 = Debug|Any CPU
		{9A02CA78-3A5D-42F4-8B1E-1B7A10D47F66}.Release|Any CPU.ActiveCfg = Release|Any CPU
		{9A02CA78-3A5D-42F4-8B1E-1B7A10D47F66}.Release|Any CPU.Build.0 = Release|Any CPU
		{9A02CA78-3A5D-42F4-8B1E-1B7A10D47F66}.Release|x64.ActiveCfg = Release|Any CPU
		{9A02CA78-3A5D-42F4-8B1E-1B7A10D47F66}.Release|x64.Build.0 = Release|Any CPU
		{9A02CA78-3A5D-42F4-8B1E-1B7A10D47F66}.Release|x86.ActiveCfg = Release|Any CPU
		{9A02CA78-3A5D-42F4-8B1E-1B7A10D47F66}.Release|x86.Build.0 = Release|Any CPU
		{CBB97B17-2F67-417E-9EFA-95751A785BA2}.Debug|Any CPU.ActiveCfg = Debug|Any CPU
		{CBB97B17-2F67-417E-9EFA-95751A785BA2}.Debug|Any CPU.Build.0 = Debug|Any CPU
		{CBB97B17-2F67-417E-9EFA-95751A785BA2}.Debug|x64.ActiveCfg = Debug|Any CPU
		{CBB97B17-2F67-417E-9EFA-95751A785BA2}.Debug|x64.Build.0 = Debug|Any CPU
		{CBB97B17-2F67-417E-9EFA-95751A785BA2}.Debug|x86.ActiveCfg = Debug|Any CPU
		{CBB97B17-2F67-417E-9EFA-95751A785BA2}.Debug|x86.Build.0 = Debug|Any CPU
		{CBB97B17-2F67-417E-9EFA-95751A785BA2}.Debug-fast-test|Any CPU.ActiveCfg = Debug|Any CPU
		{CBB97B17-2F67-417E-9EFA-95751A785BA2}.Debug-fast-test|Any CPU.Build.0 = Debug|Any CPU
		{CBB97B17-2F67-417E-9EFA-95751A785BA2}.Debug-fast-test|x64.ActiveCfg = Debug|Any CPU
		{CBB97B17-2F67-417E-9EFA-95751A785BA2}.Debug-fast-test|x64.Build.0 = Debug|Any CPU
		{CBB97B17-2F67-417E-9EFA-95751A785BA2}.Debug-fast-test|x86.ActiveCfg = Debug|Any CPU
		{CBB97B17-2F67-417E-9EFA-95751A785BA2}.Debug-fast-test|x86.Build.0 = Debug|Any CPU
		{CBB97B17-2F67-417E-9EFA-95751A785BA2}.Release|Any CPU.ActiveCfg = Release|Any CPU
		{CBB97B17-2F67-417E-9EFA-95751A785BA2}.Release|Any CPU.Build.0 = Release|Any CPU
		{CBB97B17-2F67-417E-9EFA-95751A785BA2}.Release|x64.ActiveCfg = Release|Any CPU
		{CBB97B17-2F67-417E-9EFA-95751A785BA2}.Release|x64.Build.0 = Release|Any CPU
		{CBB97B17-2F67-417E-9EFA-95751A785BA2}.Release|x86.ActiveCfg = Release|Any CPU
		{CBB97B17-2F67-417E-9EFA-95751A785BA2}.Release|x86.Build.0 = Release|Any CPU
		{BCF71ABB-FB1E-4D33-A488-5DDBA68DFA60}.Debug|Any CPU.ActiveCfg = Debug|Any CPU
		{BCF71ABB-FB1E-4D33-A488-5DDBA68DFA60}.Debug|Any CPU.Build.0 = Debug|Any CPU
		{BCF71ABB-FB1E-4D33-A488-5DDBA68DFA60}.Debug|x64.ActiveCfg = Debug|Any CPU
		{BCF71ABB-FB1E-4D33-A488-5DDBA68DFA60}.Debug|x64.Build.0 = Debug|Any CPU
		{BCF71ABB-FB1E-4D33-A488-5DDBA68DFA60}.Debug|x86.ActiveCfg = Debug|Any CPU
		{BCF71ABB-FB1E-4D33-A488-5DDBA68DFA60}.Debug|x86.Build.0 = Debug|Any CPU
		{BCF71ABB-FB1E-4D33-A488-5DDBA68DFA60}.Debug-fast-test|Any CPU.ActiveCfg = Debug|Any CPU
		{BCF71ABB-FB1E-4D33-A488-5DDBA68DFA60}.Debug-fast-test|Any CPU.Build.0 = Debug|Any CPU
		{BCF71ABB-FB1E-4D33-A488-5DDBA68DFA60}.Debug-fast-test|x64.ActiveCfg = Debug|Any CPU
		{BCF71ABB-FB1E-4D33-A488-5DDBA68DFA60}.Debug-fast-test|x64.Build.0 = Debug|Any CPU
		{BCF71ABB-FB1E-4D33-A488-5DDBA68DFA60}.Debug-fast-test|x86.ActiveCfg = Debug|Any CPU
		{BCF71ABB-FB1E-4D33-A488-5DDBA68DFA60}.Debug-fast-test|x86.Build.0 = Debug|Any CPU
		{BCF71ABB-FB1E-4D33-A488-5DDBA68DFA60}.Release|Any CPU.ActiveCfg = Release|Any CPU
		{BCF71ABB-FB1E-4D33-A488-5DDBA68DFA60}.Release|Any CPU.Build.0 = Release|Any CPU
		{BCF71ABB-FB1E-4D33-A488-5DDBA68DFA60}.Release|x64.ActiveCfg = Release|Any CPU
		{BCF71ABB-FB1E-4D33-A488-5DDBA68DFA60}.Release|x64.Build.0 = Release|Any CPU
		{BCF71ABB-FB1E-4D33-A488-5DDBA68DFA60}.Release|x86.ActiveCfg = Release|Any CPU
		{BCF71ABB-FB1E-4D33-A488-5DDBA68DFA60}.Release|x86.Build.0 = Release|Any CPU
		{33E27CC8-7FE6-4936-B57F-57298532F175}.Debug|Any CPU.ActiveCfg = Debug|Any CPU
		{33E27CC8-7FE6-4936-B57F-57298532F175}.Debug|Any CPU.Build.0 = Debug|Any CPU
		{33E27CC8-7FE6-4936-B57F-57298532F175}.Debug|x64.ActiveCfg = Debug|Any CPU
		{33E27CC8-7FE6-4936-B57F-57298532F175}.Debug|x64.Build.0 = Debug|Any CPU
		{33E27CC8-7FE6-4936-B57F-57298532F175}.Debug|x86.ActiveCfg = Debug|Any CPU
		{33E27CC8-7FE6-4936-B57F-57298532F175}.Debug|x86.Build.0 = Debug|Any CPU
		{33E27CC8-7FE6-4936-B57F-57298532F175}.Debug-fast-test|Any CPU.ActiveCfg = Debug|Any CPU
		{33E27CC8-7FE6-4936-B57F-57298532F175}.Debug-fast-test|Any CPU.Build.0 = Debug|Any CPU
		{33E27CC8-7FE6-4936-B57F-57298532F175}.Debug-fast-test|x64.ActiveCfg = Debug|Any CPU
		{33E27CC8-7FE6-4936-B57F-57298532F175}.Debug-fast-test|x64.Build.0 = Debug|Any CPU
		{33E27CC8-7FE6-4936-B57F-57298532F175}.Debug-fast-test|x86.ActiveCfg = Debug|Any CPU
		{33E27CC8-7FE6-4936-B57F-57298532F175}.Debug-fast-test|x86.Build.0 = Debug|Any CPU
		{33E27CC8-7FE6-4936-B57F-57298532F175}.Release|Any CPU.ActiveCfg = Release|Any CPU
		{33E27CC8-7FE6-4936-B57F-57298532F175}.Release|Any CPU.Build.0 = Release|Any CPU
		{33E27CC8-7FE6-4936-B57F-57298532F175}.Release|x64.ActiveCfg = Release|Any CPU
		{33E27CC8-7FE6-4936-B57F-57298532F175}.Release|x64.Build.0 = Release|Any CPU
		{33E27CC8-7FE6-4936-B57F-57298532F175}.Release|x86.ActiveCfg = Release|Any CPU
		{33E27CC8-7FE6-4936-B57F-57298532F175}.Release|x86.Build.0 = Release|Any CPU
		{3DEBDD7B-B004-4ADB-BDF8-58D6D65B8E57}.Debug|Any CPU.ActiveCfg = Debug|Any CPU
		{3DEBDD7B-B004-4ADB-BDF8-58D6D65B8E57}.Debug|Any CPU.Build.0 = Debug|Any CPU
		{3DEBDD7B-B004-4ADB-BDF8-58D6D65B8E57}.Debug|x64.ActiveCfg = Debug|Any CPU
		{3DEBDD7B-B004-4ADB-BDF8-58D6D65B8E57}.Debug|x64.Build.0 = Debug|Any CPU
		{3DEBDD7B-B004-4ADB-BDF8-58D6D65B8E57}.Debug|x86.ActiveCfg = Debug|Any CPU
		{3DEBDD7B-B004-4ADB-BDF8-58D6D65B8E57}.Debug|x86.Build.0 = Debug|Any CPU
		{3DEBDD7B-B004-4ADB-BDF8-58D6D65B8E57}.Debug-fast-test|Any CPU.ActiveCfg = Debug|Any CPU
		{3DEBDD7B-B004-4ADB-BDF8-58D6D65B8E57}.Debug-fast-test|Any CPU.Build.0 = Debug|Any CPU
		{3DEBDD7B-B004-4ADB-BDF8-58D6D65B8E57}.Debug-fast-test|x64.ActiveCfg = Debug|Any CPU
		{3DEBDD7B-B004-4ADB-BDF8-58D6D65B8E57}.Debug-fast-test|x64.Build.0 = Debug|Any CPU
		{3DEBDD7B-B004-4ADB-BDF8-58D6D65B8E57}.Debug-fast-test|x86.ActiveCfg = Debug|Any CPU
		{3DEBDD7B-B004-4ADB-BDF8-58D6D65B8E57}.Debug-fast-test|x86.Build.0 = Debug|Any CPU
		{3DEBDD7B-B004-4ADB-BDF8-58D6D65B8E57}.Release|Any CPU.ActiveCfg = Release|Any CPU
		{3DEBDD7B-B004-4ADB-BDF8-58D6D65B8E57}.Release|Any CPU.Build.0 = Release|Any CPU
		{3DEBDD7B-B004-4ADB-BDF8-58D6D65B8E57}.Release|x64.ActiveCfg = Release|Any CPU
		{3DEBDD7B-B004-4ADB-BDF8-58D6D65B8E57}.Release|x64.Build.0 = Release|Any CPU
		{3DEBDD7B-B004-4ADB-BDF8-58D6D65B8E57}.Release|x86.ActiveCfg = Release|Any CPU
		{3DEBDD7B-B004-4ADB-BDF8-58D6D65B8E57}.Release|x86.Build.0 = Release|Any CPU
		{0EA74034-2086-441A-B971-F52EFD23F5F8}.Debug|Any CPU.ActiveCfg = Debug|Any CPU
		{0EA74034-2086-441A-B971-F52EFD23F5F8}.Debug|Any CPU.Build.0 = Debug|Any CPU
		{0EA74034-2086-441A-B971-F52EFD23F5F8}.Debug|x64.ActiveCfg = Debug|Any CPU
		{0EA74034-2086-441A-B971-F52EFD23F5F8}.Debug|x64.Build.0 = Debug|Any CPU
		{0EA74034-2086-441A-B971-F52EFD23F5F8}.Debug|x86.ActiveCfg = Debug|Any CPU
		{0EA74034-2086-441A-B971-F52EFD23F5F8}.Debug|x86.Build.0 = Debug|Any CPU
		{0EA74034-2086-441A-B971-F52EFD23F5F8}.Debug-fast-test|Any CPU.ActiveCfg = Debug|Any CPU
		{0EA74034-2086-441A-B971-F52EFD23F5F8}.Debug-fast-test|Any CPU.Build.0 = Debug|Any CPU
		{0EA74034-2086-441A-B971-F52EFD23F5F8}.Debug-fast-test|x64.ActiveCfg = Debug|Any CPU
		{0EA74034-2086-441A-B971-F52EFD23F5F8}.Debug-fast-test|x64.Build.0 = Debug|Any CPU
		{0EA74034-2086-441A-B971-F52EFD23F5F8}.Debug-fast-test|x86.ActiveCfg = Debug|Any CPU
		{0EA74034-2086-441A-B971-F52EFD23F5F8}.Debug-fast-test|x86.Build.0 = Debug|Any CPU
		{0EA74034-2086-441A-B971-F52EFD23F5F8}.Release|Any CPU.ActiveCfg = Release|Any CPU
		{0EA74034-2086-441A-B971-F52EFD23F5F8}.Release|Any CPU.Build.0 = Release|Any CPU
		{0EA74034-2086-441A-B971-F52EFD23F5F8}.Release|x64.ActiveCfg = Release|Any CPU
		{0EA74034-2086-441A-B971-F52EFD23F5F8}.Release|x64.Build.0 = Release|Any CPU
		{0EA74034-2086-441A-B971-F52EFD23F5F8}.Release|x86.ActiveCfg = Release|Any CPU
		{0EA74034-2086-441A-B971-F52EFD23F5F8}.Release|x86.Build.0 = Release|Any CPU
		{57D13829-2736-45FC-B2F0-BFC8C44B28BA}.Debug|Any CPU.ActiveCfg = Debug|Any CPU
		{57D13829-2736-45FC-B2F0-BFC8C44B28BA}.Debug|Any CPU.Build.0 = Debug|Any CPU
		{57D13829-2736-45FC-B2F0-BFC8C44B28BA}.Debug|x64.ActiveCfg = Debug|Any CPU
		{57D13829-2736-45FC-B2F0-BFC8C44B28BA}.Debug|x64.Build.0 = Debug|Any CPU
		{57D13829-2736-45FC-B2F0-BFC8C44B28BA}.Debug|x86.ActiveCfg = Debug|Any CPU
		{57D13829-2736-45FC-B2F0-BFC8C44B28BA}.Debug|x86.Build.0 = Debug|Any CPU
		{57D13829-2736-45FC-B2F0-BFC8C44B28BA}.Debug-fast-test|Any CPU.ActiveCfg = Debug|Any CPU
		{57D13829-2736-45FC-B2F0-BFC8C44B28BA}.Debug-fast-test|Any CPU.Build.0 = Debug|Any CPU
		{57D13829-2736-45FC-B2F0-BFC8C44B28BA}.Debug-fast-test|x64.ActiveCfg = Debug|Any CPU
		{57D13829-2736-45FC-B2F0-BFC8C44B28BA}.Debug-fast-test|x64.Build.0 = Debug|Any CPU
		{57D13829-2736-45FC-B2F0-BFC8C44B28BA}.Debug-fast-test|x86.ActiveCfg = Debug|Any CPU
		{57D13829-2736-45FC-B2F0-BFC8C44B28BA}.Debug-fast-test|x86.Build.0 = Debug|Any CPU
		{57D13829-2736-45FC-B2F0-BFC8C44B28BA}.Release|Any CPU.ActiveCfg = Release|Any CPU
		{57D13829-2736-45FC-B2F0-BFC8C44B28BA}.Release|Any CPU.Build.0 = Release|Any CPU
		{57D13829-2736-45FC-B2F0-BFC8C44B28BA}.Release|x64.ActiveCfg = Release|Any CPU
		{57D13829-2736-45FC-B2F0-BFC8C44B28BA}.Release|x64.Build.0 = Release|Any CPU
		{57D13829-2736-45FC-B2F0-BFC8C44B28BA}.Release|x86.ActiveCfg = Release|Any CPU
		{57D13829-2736-45FC-B2F0-BFC8C44B28BA}.Release|x86.Build.0 = Release|Any CPU
		{61A5E2CE-2404-4D16-A5BD-CD839DA38314}.Debug|Any CPU.ActiveCfg = Debug|Any CPU
		{61A5E2CE-2404-4D16-A5BD-CD839DA38314}.Debug|Any CPU.Build.0 = Debug|Any CPU
		{61A5E2CE-2404-4D16-A5BD-CD839DA38314}.Debug|x64.ActiveCfg = Debug|Any CPU
		{61A5E2CE-2404-4D16-A5BD-CD839DA38314}.Debug|x64.Build.0 = Debug|Any CPU
		{61A5E2CE-2404-4D16-A5BD-CD839DA38314}.Debug|x86.ActiveCfg = Debug|Any CPU
		{61A5E2CE-2404-4D16-A5BD-CD839DA38314}.Debug|x86.Build.0 = Debug|Any CPU
		{61A5E2CE-2404-4D16-A5BD-CD839DA38314}.Debug-fast-test|Any CPU.ActiveCfg = Debug|Any CPU
		{61A5E2CE-2404-4D16-A5BD-CD839DA38314}.Debug-fast-test|Any CPU.Build.0 = Debug|Any CPU
		{61A5E2CE-2404-4D16-A5BD-CD839DA38314}.Debug-fast-test|x64.ActiveCfg = Debug|Any CPU
		{61A5E2CE-2404-4D16-A5BD-CD839DA38314}.Debug-fast-test|x64.Build.0 = Debug|Any CPU
		{61A5E2CE-2404-4D16-A5BD-CD839DA38314}.Debug-fast-test|x86.ActiveCfg = Debug|Any CPU
		{61A5E2CE-2404-4D16-A5BD-CD839DA38314}.Debug-fast-test|x86.Build.0 = Debug|Any CPU
		{61A5E2CE-2404-4D16-A5BD-CD839DA38314}.Release|Any CPU.ActiveCfg = Release|Any CPU
		{61A5E2CE-2404-4D16-A5BD-CD839DA38314}.Release|Any CPU.Build.0 = Release|Any CPU
		{61A5E2CE-2404-4D16-A5BD-CD839DA38314}.Release|x64.ActiveCfg = Release|Any CPU
		{61A5E2CE-2404-4D16-A5BD-CD839DA38314}.Release|x64.Build.0 = Release|Any CPU
		{61A5E2CE-2404-4D16-A5BD-CD839DA38314}.Release|x86.ActiveCfg = Release|Any CPU
		{61A5E2CE-2404-4D16-A5BD-CD839DA38314}.Release|x86.Build.0 = Release|Any CPU
		{BF7C1B82-9A26-42D5-AB92-9B63884F50F2}.Debug|Any CPU.ActiveCfg = Debug|x86
		{BF7C1B82-9A26-42D5-AB92-9B63884F50F2}.Debug|x64.ActiveCfg = Debug|x86
		{BF7C1B82-9A26-42D5-AB92-9B63884F50F2}.Debug|x86.ActiveCfg = Debug|x86
		{BF7C1B82-9A26-42D5-AB92-9B63884F50F2}.Debug|x86.Build.0 = Debug|x86
		{BF7C1B82-9A26-42D5-AB92-9B63884F50F2}.Debug-fast-test|Any CPU.ActiveCfg = Release|x86
		{BF7C1B82-9A26-42D5-AB92-9B63884F50F2}.Debug-fast-test|Any CPU.Build.0 = Release|x86
		{BF7C1B82-9A26-42D5-AB92-9B63884F50F2}.Debug-fast-test|x64.ActiveCfg = Release|x86
		{BF7C1B82-9A26-42D5-AB92-9B63884F50F2}.Debug-fast-test|x64.Build.0 = Release|x86
		{BF7C1B82-9A26-42D5-AB92-9B63884F50F2}.Debug-fast-test|x86.ActiveCfg = Debug|x86
		{BF7C1B82-9A26-42D5-AB92-9B63884F50F2}.Debug-fast-test|x86.Build.0 = Debug|x86
		{BF7C1B82-9A26-42D5-AB92-9B63884F50F2}.Release|Any CPU.ActiveCfg = Release|x86
		{BF7C1B82-9A26-42D5-AB92-9B63884F50F2}.Release|Any CPU.Build.0 = Release|x86
		{BF7C1B82-9A26-42D5-AB92-9B63884F50F2}.Release|x64.ActiveCfg = Release|x86
		{BF7C1B82-9A26-42D5-AB92-9B63884F50F2}.Release|x86.ActiveCfg = Release|x86
		{BF7C1B82-9A26-42D5-AB92-9B63884F50F2}.Release|x86.Build.0 = Release|x86
		{D30735DA-1A69-430C-96DA-CD6EA2BB7415}.Debug|Any CPU.ActiveCfg = Debug|Any CPU
		{D30735DA-1A69-430C-96DA-CD6EA2BB7415}.Debug|Any CPU.Build.0 = Debug|Any CPU
		{D30735DA-1A69-430C-96DA-CD6EA2BB7415}.Debug|x64.ActiveCfg = Debug|Any CPU
		{D30735DA-1A69-430C-96DA-CD6EA2BB7415}.Debug|x64.Build.0 = Debug|Any CPU
		{D30735DA-1A69-430C-96DA-CD6EA2BB7415}.Debug|x86.ActiveCfg = Debug|Any CPU
		{D30735DA-1A69-430C-96DA-CD6EA2BB7415}.Debug|x86.Build.0 = Debug|Any CPU
		{D30735DA-1A69-430C-96DA-CD6EA2BB7415}.Debug-fast-test|Any CPU.ActiveCfg = Debug|Any CPU
		{D30735DA-1A69-430C-96DA-CD6EA2BB7415}.Debug-fast-test|Any CPU.Build.0 = Debug|Any CPU
		{D30735DA-1A69-430C-96DA-CD6EA2BB7415}.Debug-fast-test|x64.ActiveCfg = Debug|Any CPU
		{D30735DA-1A69-430C-96DA-CD6EA2BB7415}.Debug-fast-test|x64.Build.0 = Debug|Any CPU
		{D30735DA-1A69-430C-96DA-CD6EA2BB7415}.Debug-fast-test|x86.ActiveCfg = Debug|Any CPU
		{D30735DA-1A69-430C-96DA-CD6EA2BB7415}.Debug-fast-test|x86.Build.0 = Debug|Any CPU
		{D30735DA-1A69-430C-96DA-CD6EA2BB7415}.Release|Any CPU.ActiveCfg = Release|Any CPU
		{D30735DA-1A69-430C-96DA-CD6EA2BB7415}.Release|Any CPU.Build.0 = Release|Any CPU
		{D30735DA-1A69-430C-96DA-CD6EA2BB7415}.Release|x64.ActiveCfg = Release|Any CPU
		{D30735DA-1A69-430C-96DA-CD6EA2BB7415}.Release|x64.Build.0 = Release|Any CPU
		{D30735DA-1A69-430C-96DA-CD6EA2BB7415}.Release|x86.ActiveCfg = Release|Any CPU
		{D30735DA-1A69-430C-96DA-CD6EA2BB7415}.Release|x86.Build.0 = Release|Any CPU
		{B431F1E4-CC2C-41F5-8D8A-17F05F92043F}.Debug|Any CPU.ActiveCfg = Debug|Any CPU
		{B431F1E4-CC2C-41F5-8D8A-17F05F92043F}.Debug|Any CPU.Build.0 = Debug|Any CPU
		{B431F1E4-CC2C-41F5-8D8A-17F05F92043F}.Debug|x64.ActiveCfg = Debug|Any CPU
		{B431F1E4-CC2C-41F5-8D8A-17F05F92043F}.Debug|x64.Build.0 = Debug|Any CPU
		{B431F1E4-CC2C-41F5-8D8A-17F05F92043F}.Debug|x86.ActiveCfg = Debug|Any CPU
		{B431F1E4-CC2C-41F5-8D8A-17F05F92043F}.Debug|x86.Build.0 = Debug|Any CPU
		{B431F1E4-CC2C-41F5-8D8A-17F05F92043F}.Debug-fast-test|Any CPU.ActiveCfg = Debug|Any CPU
		{B431F1E4-CC2C-41F5-8D8A-17F05F92043F}.Debug-fast-test|Any CPU.Build.0 = Debug|Any CPU
		{B431F1E4-CC2C-41F5-8D8A-17F05F92043F}.Debug-fast-test|x64.ActiveCfg = Debug|Any CPU
		{B431F1E4-CC2C-41F5-8D8A-17F05F92043F}.Debug-fast-test|x64.Build.0 = Debug|Any CPU
		{B431F1E4-CC2C-41F5-8D8A-17F05F92043F}.Debug-fast-test|x86.ActiveCfg = Debug|Any CPU
		{B431F1E4-CC2C-41F5-8D8A-17F05F92043F}.Debug-fast-test|x86.Build.0 = Debug|Any CPU
		{B431F1E4-CC2C-41F5-8D8A-17F05F92043F}.Release|Any CPU.ActiveCfg = Release|Any CPU
		{B431F1E4-CC2C-41F5-8D8A-17F05F92043F}.Release|Any CPU.Build.0 = Release|Any CPU
		{B431F1E4-CC2C-41F5-8D8A-17F05F92043F}.Release|x64.ActiveCfg = Release|Any CPU
		{B431F1E4-CC2C-41F5-8D8A-17F05F92043F}.Release|x64.Build.0 = Release|Any CPU
		{B431F1E4-CC2C-41F5-8D8A-17F05F92043F}.Release|x86.ActiveCfg = Release|Any CPU
		{B431F1E4-CC2C-41F5-8D8A-17F05F92043F}.Release|x86.Build.0 = Release|Any CPU
		{40412489-898A-474A-93C9-554242BC3ABF}.Debug|Any CPU.ActiveCfg = Debug
		{40412489-898A-474A-93C9-554242BC3ABF}.Debug|Any CPU.Build.0 = Debug
		{40412489-898A-474A-93C9-554242BC3ABF}.Debug|x64.ActiveCfg = Debug
		{40412489-898A-474A-93C9-554242BC3ABF}.Debug|x64.Build.0 = Debug
		{40412489-898A-474A-93C9-554242BC3ABF}.Debug|x86.ActiveCfg = Debug
		{40412489-898A-474A-93C9-554242BC3ABF}.Debug|x86.Build.0 = Debug
		{40412489-898A-474A-93C9-554242BC3ABF}.Debug-fast-test|Any CPU.ActiveCfg = Debug
		{40412489-898A-474A-93C9-554242BC3ABF}.Debug-fast-test|Any CPU.Build.0 = Debug
		{40412489-898A-474A-93C9-554242BC3ABF}.Debug-fast-test|x64.ActiveCfg = Debug
		{40412489-898A-474A-93C9-554242BC3ABF}.Debug-fast-test|x64.Build.0 = Debug
		{40412489-898A-474A-93C9-554242BC3ABF}.Debug-fast-test|x86.ActiveCfg = Debug
		{40412489-898A-474A-93C9-554242BC3ABF}.Debug-fast-test|x86.Build.0 = Debug
		{40412489-898A-474A-93C9-554242BC3ABF}.Release|Any CPU.ActiveCfg = Release
		{40412489-898A-474A-93C9-554242BC3ABF}.Release|Any CPU.Build.0 = Release
		{40412489-898A-474A-93C9-554242BC3ABF}.Release|x64.ActiveCfg = Release
		{40412489-898A-474A-93C9-554242BC3ABF}.Release|x64.Build.0 = Release
		{40412489-898A-474A-93C9-554242BC3ABF}.Release|x86.ActiveCfg = Release
		{40412489-898A-474A-93C9-554242BC3ABF}.Release|x86.Build.0 = Release
		{79BE5191-22A0-479A-9BE5-933FCD3C3A4F}.Debug|Any CPU.ActiveCfg = Debug|Any CPU
		{79BE5191-22A0-479A-9BE5-933FCD3C3A4F}.Debug|Any CPU.Build.0 = Debug|Any CPU
		{79BE5191-22A0-479A-9BE5-933FCD3C3A4F}.Debug|x64.ActiveCfg = Debug|Any CPU
		{79BE5191-22A0-479A-9BE5-933FCD3C3A4F}.Debug|x64.Build.0 = Debug|Any CPU
		{79BE5191-22A0-479A-9BE5-933FCD3C3A4F}.Debug|x86.ActiveCfg = Debug|Any CPU
		{79BE5191-22A0-479A-9BE5-933FCD3C3A4F}.Debug|x86.Build.0 = Debug|Any CPU
		{79BE5191-22A0-479A-9BE5-933FCD3C3A4F}.Debug-fast-test|Any CPU.ActiveCfg = Debug|Any CPU
		{79BE5191-22A0-479A-9BE5-933FCD3C3A4F}.Debug-fast-test|Any CPU.Build.0 = Debug|Any CPU
		{79BE5191-22A0-479A-9BE5-933FCD3C3A4F}.Debug-fast-test|x64.ActiveCfg = Debug|Any CPU
		{79BE5191-22A0-479A-9BE5-933FCD3C3A4F}.Debug-fast-test|x64.Build.0 = Debug|Any CPU
		{79BE5191-22A0-479A-9BE5-933FCD3C3A4F}.Debug-fast-test|x86.ActiveCfg = Debug|Any CPU
		{79BE5191-22A0-479A-9BE5-933FCD3C3A4F}.Debug-fast-test|x86.Build.0 = Debug|Any CPU
		{79BE5191-22A0-479A-9BE5-933FCD3C3A4F}.Release|Any CPU.ActiveCfg = Release|Any CPU
		{79BE5191-22A0-479A-9BE5-933FCD3C3A4F}.Release|Any CPU.Build.0 = Release|Any CPU
		{79BE5191-22A0-479A-9BE5-933FCD3C3A4F}.Release|x64.ActiveCfg = Release|Any CPU
		{79BE5191-22A0-479A-9BE5-933FCD3C3A4F}.Release|x64.Build.0 = Release|Any CPU
		{79BE5191-22A0-479A-9BE5-933FCD3C3A4F}.Release|x86.ActiveCfg = Release|Any CPU
		{79BE5191-22A0-479A-9BE5-933FCD3C3A4F}.Release|x86.Build.0 = Release|Any CPU
	EndGlobalSection
	GlobalSection(SolutionProperties) = preSolution
		HideSolutionNode = FALSE
	EndGlobalSection
	GlobalSection(NestedProjects) = preSolution
		{AE5B9281-E0E6-40FC-8E3D-1DB2BCF37722} = {4C32F6EE-9036-42DB-9157-43986E4233D2}
		{64F2FD12-13C6-46FB-A2B9-1D28FB07CC21} = {4C32F6EE-9036-42DB-9157-43986E4233D2}
		{723CF4EC-43A6-4FD4-A3BE-445685E32D09} = {4C32F6EE-9036-42DB-9157-43986E4233D2}
		{36042B7B-7228-43F7-B59F-1613176A1F81} = {4C32F6EE-9036-42DB-9157-43986E4233D2}
		{58B455F8-B8D4-41A5-90B4-A7D167ABC08C} = {4C32F6EE-9036-42DB-9157-43986E4233D2}
		{9A02CA78-3A5D-42F4-8B1E-1B7A10D47F66} = {4C32F6EE-9036-42DB-9157-43986E4233D2}
		{CBB97B17-2F67-417E-9EFA-95751A785BA2} = {4C32F6EE-9036-42DB-9157-43986E4233D2}
		{BCF71ABB-FB1E-4D33-A488-5DDBA68DFA60} = {4C32F6EE-9036-42DB-9157-43986E4233D2}
		{33E27CC8-7FE6-4936-B57F-57298532F175} = {4C32F6EE-9036-42DB-9157-43986E4233D2}
		{3DEBDD7B-B004-4ADB-BDF8-58D6D65B8E57} = {4C32F6EE-9036-42DB-9157-43986E4233D2}
		{0EA74034-2086-441A-B971-F52EFD23F5F8} = {4C32F6EE-9036-42DB-9157-43986E4233D2}
		{57D13829-2736-45FC-B2F0-BFC8C44B28BA} = {4C32F6EE-9036-42DB-9157-43986E4233D2}
		{61A5E2CE-2404-4D16-A5BD-CD839DA38314} = {4C32F6EE-9036-42DB-9157-43986E4233D2}
		{BF7C1B82-9A26-42D5-AB92-9B63884F50F2} = {680B3E48-8A7D-4AED-B504-CDC22E56ED20}
		{D30735DA-1A69-430C-96DA-CD6EA2BB7415} = {4C32F6EE-9036-42DB-9157-43986E4233D2}
		{B431F1E4-CC2C-41F5-8D8A-17F05F92043F} = {4C32F6EE-9036-42DB-9157-43986E4233D2}
		{79BE5191-22A0-479A-9BE5-933FCD3C3A4F} = {4C32F6EE-9036-42DB-9157-43986E4233D2}
	EndGlobalSection
	GlobalSection(ExtensibilityGlobals) = postSolution
		EnterpriseLibraryConfigurationToolBinariesPathV6 = packages\EnterpriseLibrary.TransientFaultHandling.6.0.1304.0\lib\portable-net45+win+wp8;packages\EnterpriseLibrary.TransientFaultHandling.Data.6.0.1304.1\lib\NET45
		SolutionGuid = {E957EBB3-1EB8-4718-8F80-22FABC38D06A}
	EndGlobalSection
EndGlobal
